
Microsoft Visual Studio Solution File, Format Version 12.00
# Visual Studio Version 17
VisualStudioVersion = 17.0.31903.59
MinimumVisualStudioVersion = 10.0.40219.1
Project("{2150E333-8FDC-42A3-9474-1A3956D46DE8}") = "src", "src", "{827E0CD3-B72D-47B6-A68D-7590B98EB39B}"
EndProject
Project("{FAE04EC0-301F-11D3-BF4B-00C04F79EFBC}") = "ProductCatalog.Domain", "src\ProductCatalog.Domain\ProductCatalog.Domain.csproj", "{A2002BD7-5790-4103-A323-CCFD0F3E12D5}"
EndProject
Project("{FAE04EC0-301F-11D3-BF4B-00C04F79EFBC}") = "ProductCatalog.Application", "src\ProductCatalog.Application\ProductCatalog.Application.csproj", "{09945093-1B55-4FA8-9C7F-273A8C121A40}"
EndProject
Project("{FAE04EC0-301F-11D3-BF4B-00C04F79EFBC}") = "ProductCatalog.Infrastructure", "src\ProductCatalog.Infrastructure\ProductCatalog.Infrastructure.csproj", "{AAD8941E-E8FD-452E-B5D0-21D382D99E9C}"
EndProject
Project("{FAE04EC0-301F-11D3-BF4B-00C04F79EFBC}") = "ProductCatalog.Web", "src\ProductCatalog.Web\ProductCatalog.Web.csproj", "{9A8BE3D3-AF77-4D1B-9703-D9FD5BA9FA1E}"
EndProject
Project("{2150E333-8FDC-42A3-9474-1A3956D46DE8}") = "tests", "tests", "{0AB3BF05-4346-4AA6-1389-037BE0695223}"
EndProject
Project("{FAE04EC0-301F-11D3-BF4B-00C04F79EFBC}") = "ProductCatalog.Domain.UnitTests", "tests\ProductCatalog.Domain.UnitTests\ProductCatalog.Domain.UnitTests.csproj", "{3C779764-C39F-476C-9F64-847E7989636A}"
EndProject
Project("{FAE04EC0-301F-11D3-BF4B-00C04F79EFBC}") = "ProductCatalog.Application.UnitTests", "tests\ProductCatalog.Application.UnitTests\ProductCatalog.Application.UnitTests.csproj", "{7FD2814B-78AF-4516-9AD6-377A01B4C402}"
EndProject
Project("{FAE04EC0-301F-11D3-BF4B-00C04F79EFBC}") = "ProductCatalog.Web.IntegrationTests", "tests\ProductCatalog.Web.IntegrationTests\ProductCatalog.Web.IntegrationTests.csproj", "{618542F8-4C36-4DD8-A67A-7EA9824AC802}"
EndProject
Project("{2150E333-8FDC-42A3-9474-1A3956D46DE8}") = "ソリューション項目", "ソリューション項目", "{2022CB0F-8BAF-F49E-0C48-8EF4C96EC109}"
	ProjectSection(SolutionItems) = preProject
		docs\BLAZOR_ARCHITECTURE_GUIDE_COMPLETE.md = docs\BLAZOR_ARCHITECTURE_GUIDE_COMPLETE.md
	EndProjectSection
EndProject
Global
	GlobalSection(SolutionConfigurationPlatforms) = preSolution
		Debug|Any CPU = Debug|Any CPU
		Debug|x64 = Debug|x64
		Debug|x86 = Debug|x86
		Release|Any CPU = Release|Any CPU
		Release|x64 = Release|x64
		Release|x86 = Release|x86
	EndGlobalSection
	GlobalSection(ProjectConfigurationPlatforms) = postSolution
		{A2002BD7-5790-4103-A323-CCFD0F3E12D5}.Debug|Any CPU.ActiveCfg = Debug|Any CPU
		{A2002BD7-5790-4103-A323-CCFD0F3E12D5}.Debug|Any CPU.Build.0 = Debug|Any CPU
		{A2002BD7-5790-4103-A323-CCFD0F3E12D5}.Debug|x64.ActiveCfg = Debug|Any CPU
		{A2002BD7-5790-4103-A323-CCFD0F3E12D5}.Debug|x64.Build.0 = Debug|Any CPU
		{A2002BD7-5790-4103-A323-CCFD0F3E12D5}.Debug|x86.ActiveCfg = Debug|Any CPU
		{A2002BD7-5790-4103-A323-CCFD0F3E12D5}.Debug|x86.Build.0 = Debug|Any CPU
		{A2002BD7-5790-4103-A323-CCFD0F3E12D5}.Release|Any CPU.ActiveCfg = Release|Any CPU
		{A2002BD7-5790-4103-A323-CCFD0F3E12D5}.Release|Any CPU.Build.0 = Release|Any CPU
		{A2002BD7-5790-4103-A323-CCFD0F3E12D5}.Release|x64.ActiveCfg = Release|Any CPU
		{A2002BD7-5790-4103-A323-CCFD0F3E12D5}.Release|x64.Build.0 = Release|Any CPU
		{A2002BD7-5790-4103-A323-CCFD0F3E12D5}.Release|x86.ActiveCfg = Release|Any CPU
		{A2002BD7-5790-4103-A323-CCFD0F3E12D5}.Release|x86.Build.0 = Release|Any CPU
		{09945093-1B55-4FA8-9C7F-273A8C121A40}.Debug|Any CPU.ActiveCfg = Debug|Any CPU
		{09945093-1B55-4FA8-9C7F-273A8C121A40}.Debug|Any CPU.Build.0 = Debug|Any CPU
		{09945093-1B55-4FA8-9C7F-273A8C121A40}.Debug|x64.ActiveCfg = Debug|Any CPU
		{09945093-1B55-4FA8-9C7F-273A8C121A40}.Debug|x64.Build.0 = Debug|Any CPU
		{09945093-1B55-4FA8-9C7F-273A8C121A40}.Debug|x86.ActiveCfg = Debug|Any CPU
		{09945093-1B55-4FA8-9C7F-273A8C121A40}.Debug|x86.Build.0 = Debug|Any CPU
		{09945093-1B55-4FA8-9C7F-273A8C121A40}.Release|Any CPU.ActiveCfg = Release|Any CPU
		{09945093-1B55-4FA8-9C7F-273A8C121A40}.Release|Any CPU.Build.0 = Release|Any CPU
		{09945093-1B55-4FA8-9C7F-273A8C121A40}.Release|x64.ActiveCfg = Release|Any CPU
		{09945093-1B55-4FA8-9C7F-273A8C121A40}.Release|x64.Build.0 = Release|Any CPU
		{09945093-1B55-4FA8-9C7F-273A8C121A40}.Release|x86.ActiveCfg = Release|Any CPU
		{09945093-1B55-4FA8-9C7F-273A8C121A40}.Release|x86.Build.0 = Release|Any CPU
		{AAD8941E-E8FD-452E-B5D0-21D382D99E9C}.Debug|Any CPU.ActiveCfg = Debug|Any CPU
		{AAD8941E-E8FD-452E-B5D0-21D382D99E9C}.Debug|Any CPU.Build.0 = Debug|Any CPU
		{AAD8941E-E8FD-452E-B5D0-21D382D99E9C}.Debug|x64.ActiveCfg = Debug|Any CPU
		{AAD8941E-E8FD-452E-B5D0-21D382D99E9C}.Debug|x64.Build.0 = Debug|Any CPU
		{AAD8941E-E8FD-452E-B5D0-21D382D99E9C}.Debug|x86.ActiveCfg = Debug|Any CPU
		{AAD8941E-E8FD-452E-B5D0-21D382D99E9C}.Debug|x86.Build.0 = Debug|Any CPU
		{AAD8941E-E8FD-452E-B5D0-21D382D99E9C}.Release|Any CPU.ActiveCfg = Release|Any CPU
		{AAD8941E-E8FD-452E-B5D0-21D382D99E9C}.Release|Any CPU.Build.0 = Release|Any CPU
		{AAD8941E-E8FD-452E-B5D0-21D382D99E9C}.Release|x64.ActiveCfg = Release|Any CPU
		{AAD8941E-E8FD-452E-B5D0-21D382D99E9C}.Release|x64.Build.0 = Release|Any CPU
		{AAD8941E-E8FD-452E-B5D0-21D382D99E9C}.Release|x86.ActiveCfg = Release|Any CPU
		{AAD8941E-E8FD-452E-B5D0-21D382D99E9C}.Release|x86.Build.0 = Release|Any CPU
		{9A8BE3D3-AF77-4D1B-9703-D9FD5BA9FA1E}.Debug|Any CPU.ActiveCfg = Debug|Any CPU
		{9A8BE3D3-AF77-4D1B-9703-D9FD5BA9FA1E}.Debug|Any CPU.Build.0 = Debug|Any CPU
		{9A8BE3D3-AF77-4D1B-9703-D9FD5BA9FA1E}.Debug|x64.ActiveCfg = Debug|Any CPU
		{9A8BE3D3-AF77-4D1B-9703-D9FD5BA9FA1E}.Debug|x64.Build.0 = Debug|Any CPU
		{9A8BE3D3-AF77-4D1B-9703-D9FD5BA9FA1E}.Debug|x86.ActiveCfg = Debug|Any CPU
		{9A8BE3D3-AF77-4D1B-9703-D9FD5BA9FA1E}.Debug|x86.Build.0 = Debug|Any CPU
		{9A8BE3D3-AF77-4D1B-9703-D9FD5BA9FA1E}.Release|Any CPU.ActiveCfg = Release|Any CPU
		{9A8BE3D3-AF77-4D1B-9703-D9FD5BA9FA1E}.Release|Any CPU.Build.0 = Release|Any CPU
		{9A8BE3D3-AF77-4D1B-9703-D9FD5BA9FA1E}.Release|x64.ActiveCfg = Release|Any CPU
		{9A8BE3D3-AF77-4D1B-9703-D9FD5BA9FA1E}.Release|x64.Build.0 = Release|Any CPU
		{9A8BE3D3-AF77-4D1B-9703-D9FD5BA9FA1E}.Release|x86.ActiveCfg = Release|Any CPU
		{9A8BE3D3-AF77-4D1B-9703-D9FD5BA9FA1E}.Release|x86.Build.0 = Release|Any CPU
		{3C779764-C39F-476C-9F64-847E7989636A}.Debug|Any CPU.ActiveCfg = Debug|Any CPU
		{3C779764-C39F-476C-9F64-847E7989636A}.Debug|Any CPU.Build.0 = Debug|Any CPU
		{3C779764-C39F-476C-9F64-847E7989636A}.Debug|x64.ActiveCfg = Debug|Any CPU
		{3C779764-C39F-476C-9F64-847E7989636A}.Debug|x64.Build.0 = Debug|Any CPU
		{3C779764-C39F-476C-9F64-847E7989636A}.Debug|x86.ActiveCfg = Debug|Any CPU
		{3C779764-C39F-476C-9F64-847E7989636A}.Debug|x86.Build.0 = Debug|Any CPU
		{3C779764-C39F-476C-9F64-847E7989636A}.Release|Any CPU.ActiveCfg = Release|Any CPU
		{3C779764-C39F-476C-9F64-847E7989636A}.Release|Any CPU.Build.0 = Release|Any CPU
		{3C779764-C39F-476C-9F64-847E7989636A}.Release|x64.ActiveCfg = Release|Any CPU
		{3C779764-C39F-476C-9F64-847E7989636A}.Release|x64.Build.0 = Release|Any CPU
		{3C779764-C39F-476C-9F64-847E7989636A}.Release|x86.ActiveCfg = Release|Any CPU
		{3C779764-C39F-476C-9F64-847E7989636A}.Release|x86.Build.0 = Release|Any CPU
		{7FD2814B-78AF-4516-9AD6-377A01B4C402}.Debug|Any CPU.ActiveCfg = Debug|Any CPU
		{7FD2814B-78AF-4516-9AD6-377A01B4C402}.Debug|Any CPU.Build.0 = Debug|Any CPU
		{7FD2814B-78AF-4516-9AD6-377A01B4C402}.Debug|x64.ActiveCfg = Debug|Any CPU
		{7FD2814B-78AF-4516-9AD6-377A01B4C402}.Debug|x64.Build.0 = Debug|Any CPU
		{7FD2814B-78AF-4516-9AD6-377A01B4C402}.Debug|x86.ActiveCfg = Debug|Any CPU
		{7FD2814B-78AF-4516-9AD6-377A01B4C402}.Debug|x86.Build.0 = Debug|Any CPU
		{7FD2814B-78AF-4516-9AD6-377A01B4C402}.Release|Any CPU.ActiveCfg = Release|Any CPU
		{7FD2814B-78AF-4516-9AD6-377A01B4C402}.Release|Any CPU.Build.0 = Release|Any CPU
		{7FD2814B-78AF-4516-9AD6-377A01B4C402}.Release|x64.ActiveCfg = Release|Any CPU
		{7FD2814B-78AF-4516-9AD6-377A01B4C402}.Release|x64.Build.0 = Release|Any CPU
		{7FD2814B-78AF-4516-9AD6-377A01B4C402}.Release|x86.ActiveCfg = Release|Any CPU
		{7FD2814B-78AF-4516-9AD6-377A01B4C402}.Release|x86.Build.0 = Release|Any CPU
		{618542F8-4C36-4DD8-A67A-7EA9824AC802}.Debug|Any CPU.ActiveCfg = Debug|Any CPU
		{618542F8-4C36-4DD8-A67A-7EA9824AC802}.Debug|Any CPU.Build.0 = Debug|Any CPU
		{618542F8-4C36-4DD8-A67A-7EA9824AC802}.Debug|x64.ActiveCfg = Debug|Any CPU
		{618542F8-4C36-4DD8-A67A-7EA9824AC802}.Debug|x64.Build.0 = Debug|Any CPU
		{618542F8-4C36-4DD8-A67A-7EA9824AC802}.Debug|x86.ActiveCfg = Debug|Any CPU
		{618542F8-4C36-4DD8-A67A-7EA9824AC802}.Debug|x86.Build.0 = Debug|Any CPU
		{618542F8-4C36-4DD8-A67A-7EA9824AC802}.Release|Any CPU.ActiveCfg = Release|Any CPU
		{618542F8-4C36-4DD8-A67A-7EA9824AC802}.Release|Any CPU.Build.0 = Release|Any CPU
		{618542F8-4C36-4DD8-A67A-7EA9824AC802}.Release|x64.ActiveCfg = Release|Any CPU
		{618542F8-4C36-4DD8-A67A-7EA9824AC802}.Release|x64.Build.0 = Release|Any CPU
		{618542F8-4C36-4DD8-A67A-7EA9824AC802}.Release|x86.ActiveCfg = Release|Any CPU
		{618542F8-4C36-4DD8-A67A-7EA9824AC802}.Release|x86.Build.0 = Release|Any CPU
	EndGlobalSection
	GlobalSection(SolutionProperties) = preSolution
		HideSolutionNode = FALSE
	EndGlobalSection
	GlobalSection(NestedProjects) = preSolution
		{A2002BD7-5790-4103-A323-CCFD0F3E12D5} = {827E0CD3-B72D-47B6-A68D-7590B98EB39B}
		{09945093-1B55-4FA8-9C7F-273A8C121A40} = {827E0CD3-B72D-47B6-A68D-7590B98EB39B}
		{AAD8941E-E8FD-452E-B5D0-21D382D99E9C} = {827E0CD3-B72D-47B6-A68D-7590B98EB39B}
		{9A8BE3D3-AF77-4D1B-9703-D9FD5BA9FA1E} = {827E0CD3-B72D-47B6-A68D-7590B98EB39B}
		{3C779764-C39F-476C-9F64-847E7989636A} = {0AB3BF05-4346-4AA6-1389-037BE0695223}
		{7FD2814B-78AF-4516-9AD6-377A01B4C402} = {0AB3BF05-4346-4AA6-1389-037BE0695223}
		{618542F8-4C36-4DD8-A67A-7EA9824AC802} = {0AB3BF05-4346-4AA6-1389-037BE0695223}
	EndGlobalSection
EndGlobal
