
Microsoft Visual Studio Solution File, Format Version 12.00
# Visual Studio Version 17
VisualStudioVersion = 17.0.31903.59
MinimumVisualStudioVersion = 10.0.40219.1
Project("{2150E333-8FDC-42A3-9474-1A3956D46DE8}") = "src", "src", "{827E0CD3-B72D-47B6-A68D-7590B98EB39B}"
EndProject
Project("{2150E333-8FDC-42A3-9474-1A3956D46DE8}") = "tests", "tests", "{0AB3BF05-4346-4AA6-1389-037BE0695223}"
EndProject
Project("{FAE04EC0-301F-11D3-BF4B-00C04F79EFBC}") = "ProductCatalog.Domain.UnitTests", "tests\ProductCatalog.Domain.UnitTests\ProductCatalog.Domain.UnitTests.csproj", "{3C779764-C39F-476C-9F64-847E7989636A}"
EndProject
Project("{FAE04EC0-301F-11D3-BF4B-00C04F79EFBC}") = "ProductCatalog.Application.UnitTests", "tests\ProductCatalog.Application.UnitTests\ProductCatalog.Application.UnitTests.csproj", "{7FD2814B-78AF-4516-9AD6-377A01B4C402}"
EndProject
Project("{FAE04EC0-301F-11D3-BF4B-00C04F79EFBC}") = "ProductCatalog.Web.IntegrationTests", "tests\ProductCatalog.Web.IntegrationTests\ProductCatalog.Web.IntegrationTests.csproj", "{618542F8-4C36-4DD8-A67A-7EA9824AC802}"
EndProject
Project("{2150E333-8FDC-42A3-9474-1A3956D46DE8}") = "ソリューション項目", "ソリューション項目", "{2022CB0F-8BAF-F49E-0C48-8EF4C96EC109}"
	ProjectSection(SolutionItems) = preProject
		docs\BLAZOR_ARCHITECTURE_GUIDE_COMPLETE.md = docs\BLAZOR_ARCHITECTURE_GUIDE_COMPLETE.md
	EndProjectSection
EndProject
Project("{FAE04EC0-301F-11D3-BF4B-00C04F79EFBC}") = "ProductCatalog.E2ETests", "tests\ProductCatalog.E2ETests\ProductCatalog.E2ETests.csproj", "{79F9C22C-094B-422A-9AAD-3CAF22964357}"
EndProject
Project("{2150E333-8FDC-42A3-9474-1A3956D46DE8}") = "ProductCatalog", "ProductCatalog", "{8C00CF8A-5475-2720-0E85-F1CBBE5E1F0B}"
EndProject
Project("{2150E333-8FDC-42A3-9474-1A3956D46DE8}") = "Features", "Features", "{15348706-3B51-AFD1-85A6-7F7A3E37330F}"
EndProject
Project("{2150E333-8FDC-42A3-9474-1A3956D46DE8}") = "BulkDeleteProducts", "BulkDeleteProducts", "{EF4008C4-A03A-034C-FF3E-D25B99585615}"
EndProject
Project("{2150E333-8FDC-42A3-9474-1A3956D46DE8}") = "UI", "UI", "{57CF0A8D-2FF9-1DC5-8F8A-2369846ACDD3}"
EndProject
Project("{FAE04EC0-301F-11D3-BF4B-00C04F79EFBC}") = "BulkDeleteProducts.UI", "src\ProductCatalog\Features\BulkDeleteProducts\UI\BulkDeleteProducts.UI.csproj", "{44B37CBC-FA1C-41A3-8B8C-A520087F9777}"
EndProject
Project("{2150E333-8FDC-42A3-9474-1A3956D46DE8}") = "BulkUpdateProductPrices", "BulkUpdateProductPrices", "{EB00DBA9-DEE0-A063-40B3-CA23AA6C75AE}"
EndProject
Project("{2150E333-8FDC-42A3-9474-1A3956D46DE8}") = "UI", "UI", "{3030E0D6-C222-C7CF-53AF-57B85633831C}"
EndProject
Project("{FAE04EC0-301F-11D3-BF4B-00C04F79EFBC}") = "BulkUpdateProductPrices.UI", "src\ProductCatalog\Features\BulkUpdateProductPrices\UI\BulkUpdateProductPrices.UI.csproj", "{8731AC07-7CD3-4FFF-B8AA-74799D914570}"
EndProject
Project("{2150E333-8FDC-42A3-9474-1A3956D46DE8}") = "CreateProduct", "CreateProduct", "{3E9DE1A8-1769-4527-9FC3-055D44142B39}"
EndProject
Project("{2150E333-8FDC-42A3-9474-1A3956D46DE8}") = "UI", "UI", "{03DF8D33-19DC-2DAB-FD13-EB3A707ACCF1}"
EndProject
Project("{FAE04EC0-301F-11D3-BF4B-00C04F79EFBC}") = "CreateProduct.UI", "src\ProductCatalog\Features\CreateProduct\UI\CreateProduct.UI.csproj", "{A3469A6B-7219-4E94-B5C1-0F688F2E1EA3}"
EndProject
Project("{2150E333-8FDC-42A3-9474-1A3956D46DE8}") = "DeleteProduct", "DeleteProduct", "{DF2A7688-F538-BFFD-9FAB-B9626D55BE7C}"
EndProject
Project("{2150E333-8FDC-42A3-9474-1A3956D46DE8}") = "UI", "UI", "{B100A94C-763C-0840-6012-45EEE356EB66}"
EndProject
Project("{FAE04EC0-301F-11D3-BF4B-00C04F79EFBC}") = "DeleteProduct.UI", "src\ProductCatalog\Features\DeleteProduct\UI\DeleteProduct.UI.csproj", "{23F7FC8E-42AC-4E74-A648-D9A47428A0C5}"
EndProject
Project("{2150E333-8FDC-42A3-9474-1A3956D46DE8}") = "ExportProductsToCsv", "ExportProductsToCsv", "{288CE3B9-2AD7-D154-A1FF-69EF276B8F9F}"
EndProject
Project("{2150E333-8FDC-42A3-9474-1A3956D46DE8}") = "UI", "UI", "{FF6E6336-E6A3-CAC4-C78E-7470D1603ABB}"
EndProject
Project("{FAE04EC0-301F-11D3-BF4B-00C04F79EFBC}") = "ExportProductsToCsv.UI", "src\ProductCatalog\Features\ExportProductsToCsv\UI\ExportProductsToCsv.UI.csproj", "{5471E359-CB94-441D-A6E9-6081F406D077}"
EndProject
Project("{2150E333-8FDC-42A3-9474-1A3956D46DE8}") = "GetProductById", "GetProductById", "{82F2B965-906A-21AA-6AAF-EF5A7F663737}"
EndProject
Project("{2150E333-8FDC-42A3-9474-1A3956D46DE8}") = "UI", "UI", "{7290AAB8-414C-8F14-0408-E9747AA1C3F5}"
EndProject
Project("{FAE04EC0-301F-11D3-BF4B-00C04F79EFBC}") = "GetProductById.UI", "src\ProductCatalog\Features\GetProductById\UI\GetProductById.UI.csproj", "{25A79DA8-9189-48D9-B9B6-54506F378A6A}"
EndProject
Project("{2150E333-8FDC-42A3-9474-1A3956D46DE8}") = "GetProducts", "GetProducts", "{C4E13178-A9CA-6A3A-0B31-5A158F72B726}"
EndProject
Project("{2150E333-8FDC-42A3-9474-1A3956D46DE8}") = "UI", "UI", "{D35C619A-33F8-08F3-755D-29B687AD7F8C}"
EndProject
Project("{FAE04EC0-301F-11D3-BF4B-00C04F79EFBC}") = "GetProducts.UI", "src\ProductCatalog\Features\GetProducts\UI\GetProducts.UI.csproj", "{987FFC05-60A2-4D07-B10F-CE4B7136C731}"
EndProject
Project("{2150E333-8FDC-42A3-9474-1A3956D46DE8}") = "ImportProductsFromCsv", "ImportProductsFromCsv", "{36BC4FB2-8A98-C051-6745-043C01C52CB6}"
EndProject
Project("{2150E333-8FDC-42A3-9474-1A3956D46DE8}") = "UI", "UI", "{FB25A5E0-E915-64C1-D12A-C7B5603FF05F}"
EndProject
Project("{FAE04EC0-301F-11D3-BF4B-00C04F79EFBC}") = "ImportProductsFromCsv.UI", "src\ProductCatalog\Features\ImportProductsFromCsv\UI\ImportProductsFromCsv.UI.csproj", "{572FB1C9-44CB-443A-97F2-714B7E680609}"
EndProject
Project("{2150E333-8FDC-42A3-9474-1A3956D46DE8}") = "SearchProducts", "SearchProducts", "{5082E024-C9E2-C998-B7FD-749025243D5C}"
EndProject
Project("{2150E333-8FDC-42A3-9474-1A3956D46DE8}") = "UI", "UI", "{70CDF709-101D-9367-7E5C-90B5ABF8CA07}"
EndProject
Project("{FAE04EC0-301F-11D3-BF4B-00C04F79EFBC}") = "SearchProducts.UI", "src\ProductCatalog\Features\SearchProducts\UI\SearchProducts.UI.csproj", "{D53A5E01-7702-4CD5-AB47-07F162A3C45B}"
EndProject
Project("{2150E333-8FDC-42A3-9474-1A3956D46DE8}") = "UpdateProduct", "UpdateProduct", "{32498966-8329-6BA8-D23D-D9905D166C11}"
EndProject
Project("{2150E333-8FDC-42A3-9474-1A3956D46DE8}") = "UI", "UI", "{DE9A2B84-43C5-DD12-84ED-16C8A15A9A24}"
EndProject
Project("{FAE04EC0-301F-11D3-BF4B-00C04F79EFBC}") = "UpdateProduct.UI", "src\ProductCatalog\Features\UpdateProduct\UI\UpdateProduct.UI.csproj", "{B255367D-59AD-4568-8232-AF6C6FBD7A96}"
EndProject
Project("{2150E333-8FDC-42A3-9474-1A3956D46DE8}") = "Shared", "Shared", "{66E09B29-BAD1-B2AB-42C7-8AD732A18102}"
EndProject
Project("{2150E333-8FDC-42A3-9474-1A3956D46DE8}") = "Infrastructure", "Infrastructure", "{F8883B1B-C003-3BB8-5FF1-4CDC265CCC86}"
EndProject
Project("{2150E333-8FDC-42A3-9474-1A3956D46DE8}") = "Persistence", "Persistence", "{1540955F-4272-4E99-7EAF-FCB41C67C224}"
EndProject
Project("{FAE04EC0-301F-11D3-BF4B-00C04F79EFBC}") = "ProductCatalog.Shared.Infrastructure.Persistence", "src\ProductCatalog\Shared\Infrastructure\Persistence\ProductCatalog.Shared.Infrastructure.Persistence.csproj", "{B93213EE-D061-4BBE-8007-A46AD308035F}"
EndProject
Project("{2150E333-8FDC-42A3-9474-1A3956D46DE8}") = "Shared", "Shared", "{C8E42992-5E42-0C2B-DBFE-AA848D06431C}"
EndProject
Project("{2150E333-8FDC-42A3-9474-1A3956D46DE8}") = "Application", "Application", "{81E62CFB-0258-094E-67E7-AC527289E3A8}"
EndProject
Project("{FAE04EC0-301F-11D3-BF4B-00C04F79EFBC}") = "Shared.Application", "src\Shared\Application\Shared.Application.csproj", "{8113DA63-BD77-4FA7-8D8E-81ACC119E08A}"
EndProject
Project("{2150E333-8FDC-42A3-9474-1A3956D46DE8}") = "Domain", "Domain", "{99EEA732-3F5B-2F83-7DCA-1016B2193C26}"
EndProject
Project("{FAE04EC0-301F-11D3-BF4B-00C04F79EFBC}") = "Shared.Domain", "src\Shared\Domain\Shared.Domain.csproj", "{B8D85D6E-F593-40A0-A4DB-F96BEB6C74C4}"
EndProject
Project("{2150E333-8FDC-42A3-9474-1A3956D46DE8}") = "Infrastructure", "Infrastructure", "{4695FFD0-0F29-CFDF-AB1D-8C675D9BAEFE}"
EndProject
Project("{FAE04EC0-301F-11D3-BF4B-00C04F79EFBC}") = "Shared.Infrastructure", "src\Shared\Infrastructure\Shared.Infrastructure.csproj", "{87954C90-2FEE-41F9-B4BD-2A5890F31BC5}"
EndProject
Project("{2150E333-8FDC-42A3-9474-1A3956D46DE8}") = "Kernel", "Kernel", "{395550EB-BC2E-5DA5-C7D4-BB130739CB00}"
EndProject
Project("{FAE04EC0-301F-11D3-BF4B-00C04F79EFBC}") = "Shared.Kernel", "src\Shared\Kernel\Shared.Kernel.csproj", "{5C0A250E-6078-4FFA-89D7-05FC299E4532}"
EndProject
Project("{2150E333-8FDC-42A3-9474-1A3956D46DE8}") = "Application", "Application", "{DAA00B20-4197-2219-F9DD-B04CC6FD2A53}"
EndProject
Project("{FAE04EC0-301F-11D3-BF4B-00C04F79EFBC}") = "ProductCatalog.Shared.Application", "src\ProductCatalog\Shared\Application\ProductCatalog.Shared.Application.csproj", "{19C629ED-1DD8-4CC4-A14D-4BD90D748E8F}"
EndProject
Project("{2150E333-8FDC-42A3-9474-1A3956D46DE8}") = "UI", "UI", "{115CDBFD-620E-CFA8-D2E5-091A4AE17D0F}"
EndProject
Project("{FAE04EC0-301F-11D3-BF4B-00C04F79EFBC}") = "ProductCatalog.Shared.UI", "src\ProductCatalog\Shared\UI\ProductCatalog.Shared.UI.csproj", "{9D1624FD-77D1-420A-A99B-BC89BC997EA3}"
EndProject
Project("{2150E333-8FDC-42A3-9474-1A3956D46DE8}") = "Abstractions", "Abstractions", "{653321EE-8459-8F0C-2B73-83632013A9E2}"
EndProject
Project("{FAE04EC0-301F-11D3-BF4B-00C04F79EFBC}") = "Shared.Abstractions", "src\Shared\Abstractions\Shared.Abstractions.csproj", "{2E67E1CA-832C-4DD5-B71B-17E7B4CD5826}"
EndProject
Project("{2150E333-8FDC-42A3-9474-1A3956D46DE8}") = "Platform", "Platform", "{2956BD9F-508F-458E-D25A-DD1BD3887EAF}"
EndProject
Project("{FAE04EC0-301F-11D3-BF4B-00C04F79EFBC}") = "Shared.Infrastructure.Platform", "src\Shared\Infrastructure\Platform\Shared.Infrastructure.Platform.csproj", "{D30F4C38-CC6A-4D7C-81BA-4EDB32F25860}"
EndProject
Project("{FAE04EC0-301F-11D3-BF4B-00C04F79EFBC}") = "PurchaseManagement.Web.IntegrationTests", "tests\PurchaseManagement.Web.IntegrationTests\PurchaseManagement.Web.IntegrationTests.csproj", "{2AD9C38F-FD7B-4AA9-972F-56A658C6B44B}"
EndProject
Project("{2150E333-8FDC-42A3-9474-1A3956D46DE8}") = "Domain", "Domain", "{8B290487-4C16-E85E-E807-F579CBE9FC4D}"
EndProject
Project("{2150E333-8FDC-42A3-9474-1A3956D46DE8}") = "PurchaseManagement", "PurchaseManagement", "{F3B3A9BC-0A65-5D35-B322-D4AEDA9BA760}"
EndProject
Project("{FAE04EC0-301F-11D3-BF4B-00C04F79EFBC}") = "Domain.PurchaseManagement", "src\Domain\PurchaseManagement\Domain.PurchaseManagement.csproj", "{2FCFE627-586C-4D59-8317-0B57AAC95AB8}"
EndProject
Project("{2150E333-8FDC-42A3-9474-1A3956D46DE8}") = "ProductCatalog", "ProductCatalog", "{444E5676-9E6A-C08C-A006-FD6315F645BB}"
EndProject
Project("{FAE04EC0-301F-11D3-BF4B-00C04F79EFBC}") = "Domain.ProductCatalog", "src\Domain\ProductCatalog\Domain.ProductCatalog.csproj", "{3FBF09B4-3632-41E1-86F3-2B9F144CFBEC}"
EndProject
Project("{FAE04EC0-301F-11D3-BF4B-00C04F79EFBC}") = "Application.Core", "src\Application.Core\Application.Core.csproj", "{424BEA85-C293-4244-A10C-29544E019A95}"
EndProject
Project("{FAE04EC0-301F-11D3-BF4B-00C04F79EFBC}") = "Application.Features", "src\Application.Features\Application.Features.csproj", "{4EDFBA8C-DD36-4D88-B5DF-3CB34A664E6B}"
EndProject
Project("{FAE04EC0-301F-11D3-BF4B-00C04F79EFBC}") = "Application", "src\Application\Application.csproj", "{8730BB8B-3566-4B3F-8522-4C9AF40B24B8}"
EndProject
Global
	GlobalSection(SolutionConfigurationPlatforms) = preSolution
		Debug|Any CPU = Debug|Any CPU
		Debug|x64 = Debug|x64
		Debug|x86 = Debug|x86
		Release|Any CPU = Release|Any CPU
		Release|x64 = Release|x64
		Release|x86 = Release|x86
	EndGlobalSection
	GlobalSection(ProjectConfigurationPlatforms) = postSolution
		{3C779764-C39F-476C-9F64-847E7989636A}.Debug|Any CPU.ActiveCfg = Debug|Any CPU
		{3C779764-C39F-476C-9F64-847E7989636A}.Debug|Any CPU.Build.0 = Debug|Any CPU
		{3C779764-C39F-476C-9F64-847E7989636A}.Debug|x64.ActiveCfg = Debug|Any CPU
		{3C779764-C39F-476C-9F64-847E7989636A}.Debug|x64.Build.0 = Debug|Any CPU
		{3C779764-C39F-476C-9F64-847E7989636A}.Debug|x86.ActiveCfg = Debug|Any CPU
		{3C779764-C39F-476C-9F64-847E7989636A}.Debug|x86.Build.0 = Debug|Any CPU
		{3C779764-C39F-476C-9F64-847E7989636A}.Release|Any CPU.ActiveCfg = Release|Any CPU
		{3C779764-C39F-476C-9F64-847E7989636A}.Release|Any CPU.Build.0 = Release|Any CPU
		{3C779764-C39F-476C-9F64-847E7989636A}.Release|x64.ActiveCfg = Release|Any CPU
		{3C779764-C39F-476C-9F64-847E7989636A}.Release|x64.Build.0 = Release|Any CPU
		{3C779764-C39F-476C-9F64-847E7989636A}.Release|x86.ActiveCfg = Release|Any CPU
		{3C779764-C39F-476C-9F64-847E7989636A}.Release|x86.Build.0 = Release|Any CPU
		{7FD2814B-78AF-4516-9AD6-377A01B4C402}.Debug|Any CPU.ActiveCfg = Debug|Any CPU
		{7FD2814B-78AF-4516-9AD6-377A01B4C402}.Debug|Any CPU.Build.0 = Debug|Any CPU
		{7FD2814B-78AF-4516-9AD6-377A01B4C402}.Debug|x64.ActiveCfg = Debug|Any CPU
		{7FD2814B-78AF-4516-9AD6-377A01B4C402}.Debug|x64.Build.0 = Debug|Any CPU
		{7FD2814B-78AF-4516-9AD6-377A01B4C402}.Debug|x86.ActiveCfg = Debug|Any CPU
		{7FD2814B-78AF-4516-9AD6-377A01B4C402}.Debug|x86.Build.0 = Debug|Any CPU
		{7FD2814B-78AF-4516-9AD6-377A01B4C402}.Release|Any CPU.ActiveCfg = Release|Any CPU
		{7FD2814B-78AF-4516-9AD6-377A01B4C402}.Release|Any CPU.Build.0 = Release|Any CPU
		{7FD2814B-78AF-4516-9AD6-377A01B4C402}.Release|x64.ActiveCfg = Release|Any CPU
		{7FD2814B-78AF-4516-9AD6-377A01B4C402}.Release|x64.Build.0 = Release|Any CPU
		{7FD2814B-78AF-4516-9AD6-377A01B4C402}.Release|x86.ActiveCfg = Release|Any CPU
		{7FD2814B-78AF-4516-9AD6-377A01B4C402}.Release|x86.Build.0 = Release|Any CPU
		{618542F8-4C36-4DD8-A67A-7EA9824AC802}.Debug|Any CPU.ActiveCfg = Debug|Any CPU
		{618542F8-4C36-4DD8-A67A-7EA9824AC802}.Debug|Any CPU.Build.0 = Debug|Any CPU
		{618542F8-4C36-4DD8-A67A-7EA9824AC802}.Debug|x64.ActiveCfg = Debug|Any CPU
		{618542F8-4C36-4DD8-A67A-7EA9824AC802}.Debug|x64.Build.0 = Debug|Any CPU
		{618542F8-4C36-4DD8-A67A-7EA9824AC802}.Debug|x86.ActiveCfg = Debug|Any CPU
		{618542F8-4C36-4DD8-A67A-7EA9824AC802}.Debug|x86.Build.0 = Debug|Any CPU
		{618542F8-4C36-4DD8-A67A-7EA9824AC802}.Release|Any CPU.ActiveCfg = Release|Any CPU
		{618542F8-4C36-4DD8-A67A-7EA9824AC802}.Release|Any CPU.Build.0 = Release|Any CPU
		{618542F8-4C36-4DD8-A67A-7EA9824AC802}.Release|x64.ActiveCfg = Release|Any CPU
		{618542F8-4C36-4DD8-A67A-7EA9824AC802}.Release|x64.Build.0 = Release|Any CPU
		{618542F8-4C36-4DD8-A67A-7EA9824AC802}.Release|x86.ActiveCfg = Release|Any CPU
		{618542F8-4C36-4DD8-A67A-7EA9824AC802}.Release|x86.Build.0 = Release|Any CPU
		{79F9C22C-094B-422A-9AAD-3CAF22964357}.Debug|Any CPU.ActiveCfg = Debug|Any CPU
		{79F9C22C-094B-422A-9AAD-3CAF22964357}.Debug|Any CPU.Build.0 = Debug|Any CPU
		{79F9C22C-094B-422A-9AAD-3CAF22964357}.Debug|x64.ActiveCfg = Debug|Any CPU
		{79F9C22C-094B-422A-9AAD-3CAF22964357}.Debug|x64.Build.0 = Debug|Any CPU
		{79F9C22C-094B-422A-9AAD-3CAF22964357}.Debug|x86.ActiveCfg = Debug|Any CPU
		{79F9C22C-094B-422A-9AAD-3CAF22964357}.Debug|x86.Build.0 = Debug|Any CPU
		{79F9C22C-094B-422A-9AAD-3CAF22964357}.Release|Any CPU.ActiveCfg = Release|Any CPU
		{79F9C22C-094B-422A-9AAD-3CAF22964357}.Release|Any CPU.Build.0 = Release|Any CPU
		{79F9C22C-094B-422A-9AAD-3CAF22964357}.Release|x64.ActiveCfg = Release|Any CPU
		{79F9C22C-094B-422A-9AAD-3CAF22964357}.Release|x64.Build.0 = Release|Any CPU
		{79F9C22C-094B-422A-9AAD-3CAF22964357}.Release|x86.ActiveCfg = Release|Any CPU
		{79F9C22C-094B-422A-9AAD-3CAF22964357}.Release|x86.Build.0 = Release|Any CPU
		{44B37CBC-FA1C-41A3-8B8C-A520087F9777}.Debug|Any CPU.ActiveCfg = Debug|Any CPU
		{44B37CBC-FA1C-41A3-8B8C-A520087F9777}.Debug|Any CPU.Build.0 = Debug|Any CPU
		{44B37CBC-FA1C-41A3-8B8C-A520087F9777}.Debug|x64.ActiveCfg = Debug|Any CPU
		{44B37CBC-FA1C-41A3-8B8C-A520087F9777}.Debug|x64.Build.0 = Debug|Any CPU
		{44B37CBC-FA1C-41A3-8B8C-A520087F9777}.Debug|x86.ActiveCfg = Debug|Any CPU
		{44B37CBC-FA1C-41A3-8B8C-A520087F9777}.Debug|x86.Build.0 = Debug|Any CPU
		{44B37CBC-FA1C-41A3-8B8C-A520087F9777}.Release|Any CPU.ActiveCfg = Release|Any CPU
		{44B37CBC-FA1C-41A3-8B8C-A520087F9777}.Release|Any CPU.Build.0 = Release|Any CPU
		{44B37CBC-FA1C-41A3-8B8C-A520087F9777}.Release|x64.ActiveCfg = Release|Any CPU
		{44B37CBC-FA1C-41A3-8B8C-A520087F9777}.Release|x64.Build.0 = Release|Any CPU
		{44B37CBC-FA1C-41A3-8B8C-A520087F9777}.Release|x86.ActiveCfg = Release|Any CPU
		{44B37CBC-FA1C-41A3-8B8C-A520087F9777}.Release|x86.Build.0 = Release|Any CPU
		{8731AC07-7CD3-4FFF-B8AA-74799D914570}.Debug|Any CPU.ActiveCfg = Debug|Any CPU
		{8731AC07-7CD3-4FFF-B8AA-74799D914570}.Debug|Any CPU.Build.0 = Debug|Any CPU
		{8731AC07-7CD3-4FFF-B8AA-74799D914570}.Debug|x64.ActiveCfg = Debug|Any CPU
		{8731AC07-7CD3-4FFF-B8AA-74799D914570}.Debug|x64.Build.0 = Debug|Any CPU
		{8731AC07-7CD3-4FFF-B8AA-74799D914570}.Debug|x86.ActiveCfg = Debug|Any CPU
		{8731AC07-7CD3-4FFF-B8AA-74799D914570}.Debug|x86.Build.0 = Debug|Any CPU
		{8731AC07-7CD3-4FFF-B8AA-74799D914570}.Release|Any CPU.ActiveCfg = Release|Any CPU
		{8731AC07-7CD3-4FFF-B8AA-74799D914570}.Release|Any CPU.Build.0 = Release|Any CPU
		{8731AC07-7CD3-4FFF-B8AA-74799D914570}.Release|x64.ActiveCfg = Release|Any CPU
		{8731AC07-7CD3-4FFF-B8AA-74799D914570}.Release|x64.Build.0 = Release|Any CPU
		{8731AC07-7CD3-4FFF-B8AA-74799D914570}.Release|x86.ActiveCfg = Release|Any CPU
		{8731AC07-7CD3-4FFF-B8AA-74799D914570}.Release|x86.Build.0 = Release|Any CPU
		{A3469A6B-7219-4E94-B5C1-0F688F2E1EA3}.Debug|Any CPU.ActiveCfg = Debug|Any CPU
		{A3469A6B-7219-4E94-B5C1-0F688F2E1EA3}.Debug|Any CPU.Build.0 = Debug|Any CPU
		{A3469A6B-7219-4E94-B5C1-0F688F2E1EA3}.Debug|x64.ActiveCfg = Debug|Any CPU
		{A3469A6B-7219-4E94-B5C1-0F688F2E1EA3}.Debug|x64.Build.0 = Debug|Any CPU
		{A3469A6B-7219-4E94-B5C1-0F688F2E1EA3}.Debug|x86.ActiveCfg = Debug|Any CPU
		{A3469A6B-7219-4E94-B5C1-0F688F2E1EA3}.Debug|x86.Build.0 = Debug|Any CPU
		{A3469A6B-7219-4E94-B5C1-0F688F2E1EA3}.Release|Any CPU.ActiveCfg = Release|Any CPU
		{A3469A6B-7219-4E94-B5C1-0F688F2E1EA3}.Release|Any CPU.Build.0 = Release|Any CPU
		{A3469A6B-7219-4E94-B5C1-0F688F2E1EA3}.Release|x64.ActiveCfg = Release|Any CPU
		{A3469A6B-7219-4E94-B5C1-0F688F2E1EA3}.Release|x64.Build.0 = Release|Any CPU
		{A3469A6B-7219-4E94-B5C1-0F688F2E1EA3}.Release|x86.ActiveCfg = Release|Any CPU
		{A3469A6B-7219-4E94-B5C1-0F688F2E1EA3}.Release|x86.Build.0 = Release|Any CPU
		{23F7FC8E-42AC-4E74-A648-D9A47428A0C5}.Debug|Any CPU.ActiveCfg = Debug|Any CPU
		{23F7FC8E-42AC-4E74-A648-D9A47428A0C5}.Debug|Any CPU.Build.0 = Debug|Any CPU
		{23F7FC8E-42AC-4E74-A648-D9A47428A0C5}.Debug|x64.ActiveCfg = Debug|Any CPU
		{23F7FC8E-42AC-4E74-A648-D9A47428A0C5}.Debug|x64.Build.0 = Debug|Any CPU
		{23F7FC8E-42AC-4E74-A648-D9A47428A0C5}.Debug|x86.ActiveCfg = Debug|Any CPU
		{23F7FC8E-42AC-4E74-A648-D9A47428A0C5}.Debug|x86.Build.0 = Debug|Any CPU
		{23F7FC8E-42AC-4E74-A648-D9A47428A0C5}.Release|Any CPU.ActiveCfg = Release|Any CPU
		{23F7FC8E-42AC-4E74-A648-D9A47428A0C5}.Release|Any CPU.Build.0 = Release|Any CPU
		{23F7FC8E-42AC-4E74-A648-D9A47428A0C5}.Release|x64.ActiveCfg = Release|Any CPU
		{23F7FC8E-42AC-4E74-A648-D9A47428A0C5}.Release|x64.Build.0 = Release|Any CPU
		{23F7FC8E-42AC-4E74-A648-D9A47428A0C5}.Release|x86.ActiveCfg = Release|Any CPU
		{23F7FC8E-42AC-4E74-A648-D9A47428A0C5}.Release|x86.Build.0 = Release|Any CPU
		{5471E359-CB94-441D-A6E9-6081F406D077}.Debug|Any CPU.ActiveCfg = Debug|Any CPU
		{5471E359-CB94-441D-A6E9-6081F406D077}.Debug|Any CPU.Build.0 = Debug|Any CPU
		{5471E359-CB94-441D-A6E9-6081F406D077}.Debug|x64.ActiveCfg = Debug|Any CPU
		{5471E359-CB94-441D-A6E9-6081F406D077}.Debug|x64.Build.0 = Debug|Any CPU
		{5471E359-CB94-441D-A6E9-6081F406D077}.Debug|x86.ActiveCfg = Debug|Any CPU
		{5471E359-CB94-441D-A6E9-6081F406D077}.Debug|x86.Build.0 = Debug|Any CPU
		{5471E359-CB94-441D-A6E9-6081F406D077}.Release|Any CPU.ActiveCfg = Release|Any CPU
		{5471E359-CB94-441D-A6E9-6081F406D077}.Release|Any CPU.Build.0 = Release|Any CPU
		{5471E359-CB94-441D-A6E9-6081F406D077}.Release|x64.ActiveCfg = Release|Any CPU
		{5471E359-CB94-441D-A6E9-6081F406D077}.Release|x64.Build.0 = Release|Any CPU
		{5471E359-CB94-441D-A6E9-6081F406D077}.Release|x86.ActiveCfg = Release|Any CPU
		{5471E359-CB94-441D-A6E9-6081F406D077}.Release|x86.Build.0 = Release|Any CPU
		{25A79DA8-9189-48D9-B9B6-54506F378A6A}.Debug|Any CPU.ActiveCfg = Debug|Any CPU
		{25A79DA8-9189-48D9-B9B6-54506F378A6A}.Debug|Any CPU.Build.0 = Debug|Any CPU
		{25A79DA8-9189-48D9-B9B6-54506F378A6A}.Debug|x64.ActiveCfg = Debug|Any CPU
		{25A79DA8-9189-48D9-B9B6-54506F378A6A}.Debug|x64.Build.0 = Debug|Any CPU
		{25A79DA8-9189-48D9-B9B6-54506F378A6A}.Debug|x86.ActiveCfg = Debug|Any CPU
		{25A79DA8-9189-48D9-B9B6-54506F378A6A}.Debug|x86.Build.0 = Debug|Any CPU
		{25A79DA8-9189-48D9-B9B6-54506F378A6A}.Release|Any CPU.ActiveCfg = Release|Any CPU
		{25A79DA8-9189-48D9-B9B6-54506F378A6A}.Release|Any CPU.Build.0 = Release|Any CPU
		{25A79DA8-9189-48D9-B9B6-54506F378A6A}.Release|x64.ActiveCfg = Release|Any CPU
		{25A79DA8-9189-48D9-B9B6-54506F378A6A}.Release|x64.Build.0 = Release|Any CPU
		{25A79DA8-9189-48D9-B9B6-54506F378A6A}.Release|x86.ActiveCfg = Release|Any CPU
		{25A79DA8-9189-48D9-B9B6-54506F378A6A}.Release|x86.Build.0 = Release|Any CPU
		{987FFC05-60A2-4D07-B10F-CE4B7136C731}.Debug|Any CPU.ActiveCfg = Debug|Any CPU
		{987FFC05-60A2-4D07-B10F-CE4B7136C731}.Debug|Any CPU.Build.0 = Debug|Any CPU
		{987FFC05-60A2-4D07-B10F-CE4B7136C731}.Debug|x64.ActiveCfg = Debug|Any CPU
		{987FFC05-60A2-4D07-B10F-CE4B7136C731}.Debug|x64.Build.0 = Debug|Any CPU
		{987FFC05-60A2-4D07-B10F-CE4B7136C731}.Debug|x86.ActiveCfg = Debug|Any CPU
		{987FFC05-60A2-4D07-B10F-CE4B7136C731}.Debug|x86.Build.0 = Debug|Any CPU
		{987FFC05-60A2-4D07-B10F-CE4B7136C731}.Release|Any CPU.ActiveCfg = Release|Any CPU
		{987FFC05-60A2-4D07-B10F-CE4B7136C731}.Release|Any CPU.Build.0 = Release|Any CPU
		{987FFC05-60A2-4D07-B10F-CE4B7136C731}.Release|x64.ActiveCfg = Release|Any CPU
		{987FFC05-60A2-4D07-B10F-CE4B7136C731}.Release|x64.Build.0 = Release|Any CPU
		{987FFC05-60A2-4D07-B10F-CE4B7136C731}.Release|x86.ActiveCfg = Release|Any CPU
		{987FFC05-60A2-4D07-B10F-CE4B7136C731}.Release|x86.Build.0 = Release|Any CPU
		{572FB1C9-44CB-443A-97F2-714B7E680609}.Debug|Any CPU.ActiveCfg = Debug|Any CPU
		{572FB1C9-44CB-443A-97F2-714B7E680609}.Debug|Any CPU.Build.0 = Debug|Any CPU
		{572FB1C9-44CB-443A-97F2-714B7E680609}.Debug|x64.ActiveCfg = Debug|Any CPU
		{572FB1C9-44CB-443A-97F2-714B7E680609}.Debug|x64.Build.0 = Debug|Any CPU
		{572FB1C9-44CB-443A-97F2-714B7E680609}.Debug|x86.ActiveCfg = Debug|Any CPU
		{572FB1C9-44CB-443A-97F2-714B7E680609}.Debug|x86.Build.0 = Debug|Any CPU
		{572FB1C9-44CB-443A-97F2-714B7E680609}.Release|Any CPU.ActiveCfg = Release|Any CPU
		{572FB1C9-44CB-443A-97F2-714B7E680609}.Release|Any CPU.Build.0 = Release|Any CPU
		{572FB1C9-44CB-443A-97F2-714B7E680609}.Release|x64.ActiveCfg = Release|Any CPU
		{572FB1C9-44CB-443A-97F2-714B7E680609}.Release|x64.Build.0 = Release|Any CPU
		{572FB1C9-44CB-443A-97F2-714B7E680609}.Release|x86.ActiveCfg = Release|Any CPU
		{572FB1C9-44CB-443A-97F2-714B7E680609}.Release|x86.Build.0 = Release|Any CPU
		{D53A5E01-7702-4CD5-AB47-07F162A3C45B}.Debug|Any CPU.ActiveCfg = Debug|Any CPU
		{D53A5E01-7702-4CD5-AB47-07F162A3C45B}.Debug|Any CPU.Build.0 = Debug|Any CPU
		{D53A5E01-7702-4CD5-AB47-07F162A3C45B}.Debug|x64.ActiveCfg = Debug|Any CPU
		{D53A5E01-7702-4CD5-AB47-07F162A3C45B}.Debug|x64.Build.0 = Debug|Any CPU
		{D53A5E01-7702-4CD5-AB47-07F162A3C45B}.Debug|x86.ActiveCfg = Debug|Any CPU
		{D53A5E01-7702-4CD5-AB47-07F162A3C45B}.Debug|x86.Build.0 = Debug|Any CPU
		{D53A5E01-7702-4CD5-AB47-07F162A3C45B}.Release|Any CPU.ActiveCfg = Release|Any CPU
		{D53A5E01-7702-4CD5-AB47-07F162A3C45B}.Release|Any CPU.Build.0 = Release|Any CPU
		{D53A5E01-7702-4CD5-AB47-07F162A3C45B}.Release|x64.ActiveCfg = Release|Any CPU
		{D53A5E01-7702-4CD5-AB47-07F162A3C45B}.Release|x64.Build.0 = Release|Any CPU
		{D53A5E01-7702-4CD5-AB47-07F162A3C45B}.Release|x86.ActiveCfg = Release|Any CPU
		{D53A5E01-7702-4CD5-AB47-07F162A3C45B}.Release|x86.Build.0 = Release|Any CPU
		{B255367D-59AD-4568-8232-AF6C6FBD7A96}.Debug|Any CPU.ActiveCfg = Debug|Any CPU
		{B255367D-59AD-4568-8232-AF6C6FBD7A96}.Debug|Any CPU.Build.0 = Debug|Any CPU
		{B255367D-59AD-4568-8232-AF6C6FBD7A96}.Debug|x64.ActiveCfg = Debug|Any CPU
		{B255367D-59AD-4568-8232-AF6C6FBD7A96}.Debug|x64.Build.0 = Debug|Any CPU
		{B255367D-59AD-4568-8232-AF6C6FBD7A96}.Debug|x86.ActiveCfg = Debug|Any CPU
		{B255367D-59AD-4568-8232-AF6C6FBD7A96}.Debug|x86.Build.0 = Debug|Any CPU
		{B255367D-59AD-4568-8232-AF6C6FBD7A96}.Release|Any CPU.ActiveCfg = Release|Any CPU
		{B255367D-59AD-4568-8232-AF6C6FBD7A96}.Release|Any CPU.Build.0 = Release|Any CPU
		{B255367D-59AD-4568-8232-AF6C6FBD7A96}.Release|x64.ActiveCfg = Release|Any CPU
		{B255367D-59AD-4568-8232-AF6C6FBD7A96}.Release|x64.Build.0 = Release|Any CPU
		{B255367D-59AD-4568-8232-AF6C6FBD7A96}.Release|x86.ActiveCfg = Release|Any CPU
		{B255367D-59AD-4568-8232-AF6C6FBD7A96}.Release|x86.Build.0 = Release|Any CPU
		{B93213EE-D061-4BBE-8007-A46AD308035F}.Debug|Any CPU.ActiveCfg = Debug|Any CPU
		{B93213EE-D061-4BBE-8007-A46AD308035F}.Debug|Any CPU.Build.0 = Debug|Any CPU
		{B93213EE-D061-4BBE-8007-A46AD308035F}.Debug|x64.ActiveCfg = Debug|Any CPU
		{B93213EE-D061-4BBE-8007-A46AD308035F}.Debug|x64.Build.0 = Debug|Any CPU
		{B93213EE-D061-4BBE-8007-A46AD308035F}.Debug|x86.ActiveCfg = Debug|Any CPU
		{B93213EE-D061-4BBE-8007-A46AD308035F}.Debug|x86.Build.0 = Debug|Any CPU
		{B93213EE-D061-4BBE-8007-A46AD308035F}.Release|Any CPU.ActiveCfg = Release|Any CPU
		{B93213EE-D061-4BBE-8007-A46AD308035F}.Release|Any CPU.Build.0 = Release|Any CPU
		{B93213EE-D061-4BBE-8007-A46AD308035F}.Release|x64.ActiveCfg = Release|Any CPU
		{B93213EE-D061-4BBE-8007-A46AD308035F}.Release|x64.Build.0 = Release|Any CPU
		{B93213EE-D061-4BBE-8007-A46AD308035F}.Release|x86.ActiveCfg = Release|Any CPU
		{B93213EE-D061-4BBE-8007-A46AD308035F}.Release|x86.Build.0 = Release|Any CPU
		{8113DA63-BD77-4FA7-8D8E-81ACC119E08A}.Debug|Any CPU.ActiveCfg = Debug|Any CPU
		{8113DA63-BD77-4FA7-8D8E-81ACC119E08A}.Debug|Any CPU.Build.0 = Debug|Any CPU
		{8113DA63-BD77-4FA7-8D8E-81ACC119E08A}.Debug|x64.ActiveCfg = Debug|Any CPU
		{8113DA63-BD77-4FA7-8D8E-81ACC119E08A}.Debug|x64.Build.0 = Debug|Any CPU
		{8113DA63-BD77-4FA7-8D8E-81ACC119E08A}.Debug|x86.ActiveCfg = Debug|Any CPU
		{8113DA63-BD77-4FA7-8D8E-81ACC119E08A}.Debug|x86.Build.0 = Debug|Any CPU
		{8113DA63-BD77-4FA7-8D8E-81ACC119E08A}.Release|Any CPU.ActiveCfg = Release|Any CPU
		{8113DA63-BD77-4FA7-8D8E-81ACC119E08A}.Release|Any CPU.Build.0 = Release|Any CPU
		{8113DA63-BD77-4FA7-8D8E-81ACC119E08A}.Release|x64.ActiveCfg = Release|Any CPU
		{8113DA63-BD77-4FA7-8D8E-81ACC119E08A}.Release|x64.Build.0 = Release|Any CPU
		{8113DA63-BD77-4FA7-8D8E-81ACC119E08A}.Release|x86.ActiveCfg = Release|Any CPU
		{8113DA63-BD77-4FA7-8D8E-81ACC119E08A}.Release|x86.Build.0 = Release|Any CPU
		{B8D85D6E-F593-40A0-A4DB-F96BEB6C74C4}.Debug|Any CPU.ActiveCfg = Debug|Any CPU
		{B8D85D6E-F593-40A0-A4DB-F96BEB6C74C4}.Debug|Any CPU.Build.0 = Debug|Any CPU
		{B8D85D6E-F593-40A0-A4DB-F96BEB6C74C4}.Debug|x64.ActiveCfg = Debug|Any CPU
		{B8D85D6E-F593-40A0-A4DB-F96BEB6C74C4}.Debug|x64.Build.0 = Debug|Any CPU
		{B8D85D6E-F593-40A0-A4DB-F96BEB6C74C4}.Debug|x86.ActiveCfg = Debug|Any CPU
		{B8D85D6E-F593-40A0-A4DB-F96BEB6C74C4}.Debug|x86.Build.0 = Debug|Any CPU
		{B8D85D6E-F593-40A0-A4DB-F96BEB6C74C4}.Release|Any CPU.ActiveCfg = Release|Any CPU
		{B8D85D6E-F593-40A0-A4DB-F96BEB6C74C4}.Release|Any CPU.Build.0 = Release|Any CPU
		{B8D85D6E-F593-40A0-A4DB-F96BEB6C74C4}.Release|x64.ActiveCfg = Release|Any CPU
		{B8D85D6E-F593-40A0-A4DB-F96BEB6C74C4}.Release|x64.Build.0 = Release|Any CPU
		{B8D85D6E-F593-40A0-A4DB-F96BEB6C74C4}.Release|x86.ActiveCfg = Release|Any CPU
		{B8D85D6E-F593-40A0-A4DB-F96BEB6C74C4}.Release|x86.Build.0 = Release|Any CPU
		{87954C90-2FEE-41F9-B4BD-2A5890F31BC5}.Debug|Any CPU.ActiveCfg = Debug|Any CPU
		{87954C90-2FEE-41F9-B4BD-2A5890F31BC5}.Debug|Any CPU.Build.0 = Debug|Any CPU
		{87954C90-2FEE-41F9-B4BD-2A5890F31BC5}.Debug|x64.ActiveCfg = Debug|Any CPU
		{87954C90-2FEE-41F9-B4BD-2A5890F31BC5}.Debug|x64.Build.0 = Debug|Any CPU
		{87954C90-2FEE-41F9-B4BD-2A5890F31BC5}.Debug|x86.ActiveCfg = Debug|Any CPU
		{87954C90-2FEE-41F9-B4BD-2A5890F31BC5}.Debug|x86.Build.0 = Debug|Any CPU
		{87954C90-2FEE-41F9-B4BD-2A5890F31BC5}.Release|Any CPU.ActiveCfg = Release|Any CPU
		{87954C90-2FEE-41F9-B4BD-2A5890F31BC5}.Release|Any CPU.Build.0 = Release|Any CPU
		{87954C90-2FEE-41F9-B4BD-2A5890F31BC5}.Release|x64.ActiveCfg = Release|Any CPU
		{87954C90-2FEE-41F9-B4BD-2A5890F31BC5}.Release|x64.Build.0 = Release|Any CPU
		{87954C90-2FEE-41F9-B4BD-2A5890F31BC5}.Release|x86.ActiveCfg = Release|Any CPU
		{87954C90-2FEE-41F9-B4BD-2A5890F31BC5}.Release|x86.Build.0 = Release|Any CPU
		{5C0A250E-6078-4FFA-89D7-05FC299E4532}.Debug|Any CPU.ActiveCfg = Debug|Any CPU
		{5C0A250E-6078-4FFA-89D7-05FC299E4532}.Debug|Any CPU.Build.0 = Debug|Any CPU
		{5C0A250E-6078-4FFA-89D7-05FC299E4532}.Debug|x64.ActiveCfg = Debug|Any CPU
		{5C0A250E-6078-4FFA-89D7-05FC299E4532}.Debug|x64.Build.0 = Debug|Any CPU
		{5C0A250E-6078-4FFA-89D7-05FC299E4532}.Debug|x86.ActiveCfg = Debug|Any CPU
		{5C0A250E-6078-4FFA-89D7-05FC299E4532}.Debug|x86.Build.0 = Debug|Any CPU
		{5C0A250E-6078-4FFA-89D7-05FC299E4532}.Release|Any CPU.ActiveCfg = Release|Any CPU
		{5C0A250E-6078-4FFA-89D7-05FC299E4532}.Release|Any CPU.Build.0 = Release|Any CPU
		{5C0A250E-6078-4FFA-89D7-05FC299E4532}.Release|x64.ActiveCfg = Release|Any CPU
		{5C0A250E-6078-4FFA-89D7-05FC299E4532}.Release|x64.Build.0 = Release|Any CPU
		{5C0A250E-6078-4FFA-89D7-05FC299E4532}.Release|x86.ActiveCfg = Release|Any CPU
		{5C0A250E-6078-4FFA-89D7-05FC299E4532}.Release|x86.Build.0 = Release|Any CPU
		{19C629ED-1DD8-4CC4-A14D-4BD90D748E8F}.Debug|Any CPU.ActiveCfg = Debug|Any CPU
		{19C629ED-1DD8-4CC4-A14D-4BD90D748E8F}.Debug|Any CPU.Build.0 = Debug|Any CPU
		{19C629ED-1DD8-4CC4-A14D-4BD90D748E8F}.Debug|x64.ActiveCfg = Debug|Any CPU
		{19C629ED-1DD8-4CC4-A14D-4BD90D748E8F}.Debug|x64.Build.0 = Debug|Any CPU
		{19C629ED-1DD8-4CC4-A14D-4BD90D748E8F}.Debug|x86.ActiveCfg = Debug|Any CPU
		{19C629ED-1DD8-4CC4-A14D-4BD90D748E8F}.Debug|x86.Build.0 = Debug|Any CPU
		{19C629ED-1DD8-4CC4-A14D-4BD90D748E8F}.Release|Any CPU.ActiveCfg = Release|Any CPU
		{19C629ED-1DD8-4CC4-A14D-4BD90D748E8F}.Release|Any CPU.Build.0 = Release|Any CPU
		{19C629ED-1DD8-4CC4-A14D-4BD90D748E8F}.Release|x64.ActiveCfg = Release|Any CPU
		{19C629ED-1DD8-4CC4-A14D-4BD90D748E8F}.Release|x64.Build.0 = Release|Any CPU
		{19C629ED-1DD8-4CC4-A14D-4BD90D748E8F}.Release|x86.ActiveCfg = Release|Any CPU
		{19C629ED-1DD8-4CC4-A14D-4BD90D748E8F}.Release|x86.Build.0 = Release|Any CPU
		{9D1624FD-77D1-420A-A99B-BC89BC997EA3}.Debug|Any CPU.ActiveCfg = Debug|Any CPU
		{9D1624FD-77D1-420A-A99B-BC89BC997EA3}.Debug|Any CPU.Build.0 = Debug|Any CPU
		{9D1624FD-77D1-420A-A99B-BC89BC997EA3}.Debug|x64.ActiveCfg = Debug|Any CPU
		{9D1624FD-77D1-420A-A99B-BC89BC997EA3}.Debug|x64.Build.0 = Debug|Any CPU
		{9D1624FD-77D1-420A-A99B-BC89BC997EA3}.Debug|x86.ActiveCfg = Debug|Any CPU
		{9D1624FD-77D1-420A-A99B-BC89BC997EA3}.Debug|x86.Build.0 = Debug|Any CPU
		{9D1624FD-77D1-420A-A99B-BC89BC997EA3}.Release|Any CPU.ActiveCfg = Release|Any CPU
		{9D1624FD-77D1-420A-A99B-BC89BC997EA3}.Release|Any CPU.Build.0 = Release|Any CPU
		{9D1624FD-77D1-420A-A99B-BC89BC997EA3}.Release|x64.ActiveCfg = Release|Any CPU
		{9D1624FD-77D1-420A-A99B-BC89BC997EA3}.Release|x64.Build.0 = Release|Any CPU
		{9D1624FD-77D1-420A-A99B-BC89BC997EA3}.Release|x86.ActiveCfg = Release|Any CPU
		{9D1624FD-77D1-420A-A99B-BC89BC997EA3}.Release|x86.Build.0 = Release|Any CPU
		{2E67E1CA-832C-4DD5-B71B-17E7B4CD5826}.Debug|Any CPU.ActiveCfg = Debug|Any CPU
		{2E67E1CA-832C-4DD5-B71B-17E7B4CD5826}.Debug|Any CPU.Build.0 = Debug|Any CPU
		{2E67E1CA-832C-4DD5-B71B-17E7B4CD5826}.Debug|x64.ActiveCfg = Debug|Any CPU
		{2E67E1CA-832C-4DD5-B71B-17E7B4CD5826}.Debug|x64.Build.0 = Debug|Any CPU
		{2E67E1CA-832C-4DD5-B71B-17E7B4CD5826}.Debug|x86.ActiveCfg = Debug|Any CPU
		{2E67E1CA-832C-4DD5-B71B-17E7B4CD5826}.Debug|x86.Build.0 = Debug|Any CPU
		{2E67E1CA-832C-4DD5-B71B-17E7B4CD5826}.Release|Any CPU.ActiveCfg = Release|Any CPU
		{2E67E1CA-832C-4DD5-B71B-17E7B4CD5826}.Release|Any CPU.Build.0 = Release|Any CPU
		{2E67E1CA-832C-4DD5-B71B-17E7B4CD5826}.Release|x64.ActiveCfg = Release|Any CPU
		{2E67E1CA-832C-4DD5-B71B-17E7B4CD5826}.Release|x64.Build.0 = Release|Any CPU
		{2E67E1CA-832C-4DD5-B71B-17E7B4CD5826}.Release|x86.ActiveCfg = Release|Any CPU
		{2E67E1CA-832C-4DD5-B71B-17E7B4CD5826}.Release|x86.Build.0 = Release|Any CPU
		{D30F4C38-CC6A-4D7C-81BA-4EDB32F25860}.Debug|Any CPU.ActiveCfg = Debug|Any CPU
		{D30F4C38-CC6A-4D7C-81BA-4EDB32F25860}.Debug|Any CPU.Build.0 = Debug|Any CPU
		{D30F4C38-CC6A-4D7C-81BA-4EDB32F25860}.Debug|x64.ActiveCfg = Debug|Any CPU
		{D30F4C38-CC6A-4D7C-81BA-4EDB32F25860}.Debug|x64.Build.0 = Debug|Any CPU
		{D30F4C38-CC6A-4D7C-81BA-4EDB32F25860}.Debug|x86.ActiveCfg = Debug|Any CPU
		{D30F4C38-CC6A-4D7C-81BA-4EDB32F25860}.Debug|x86.Build.0 = Debug|Any CPU
		{D30F4C38-CC6A-4D7C-81BA-4EDB32F25860}.Release|Any CPU.ActiveCfg = Release|Any CPU
		{D30F4C38-CC6A-4D7C-81BA-4EDB32F25860}.Release|Any CPU.Build.0 = Release|Any CPU
		{D30F4C38-CC6A-4D7C-81BA-4EDB32F25860}.Release|x64.ActiveCfg = Release|Any CPU
		{D30F4C38-CC6A-4D7C-81BA-4EDB32F25860}.Release|x64.Build.0 = Release|Any CPU
		{D30F4C38-CC6A-4D7C-81BA-4EDB32F25860}.Release|x86.ActiveCfg = Release|Any CPU
		{D30F4C38-CC6A-4D7C-81BA-4EDB32F25860}.Release|x86.Build.0 = Release|Any CPU
		{2AD9C38F-FD7B-4AA9-972F-56A658C6B44B}.Debug|Any CPU.ActiveCfg = Debug|Any CPU
		{2AD9C38F-FD7B-4AA9-972F-56A658C6B44B}.Debug|Any CPU.Build.0 = Debug|Any CPU
		{2AD9C38F-FD7B-4AA9-972F-56A658C6B44B}.Debug|x64.ActiveCfg = Debug|Any CPU
		{2AD9C38F-FD7B-4AA9-972F-56A658C6B44B}.Debug|x64.Build.0 = Debug|Any CPU
		{2AD9C38F-FD7B-4AA9-972F-56A658C6B44B}.Debug|x86.ActiveCfg = Debug|Any CPU
		{2AD9C38F-FD7B-4AA9-972F-56A658C6B44B}.Debug|x86.Build.0 = Debug|Any CPU
		{2AD9C38F-FD7B-4AA9-972F-56A658C6B44B}.Release|Any CPU.ActiveCfg = Release|Any CPU
		{2AD9C38F-FD7B-4AA9-972F-56A658C6B44B}.Release|Any CPU.Build.0 = Release|Any CPU
		{2AD9C38F-FD7B-4AA9-972F-56A658C6B44B}.Release|x64.ActiveCfg = Release|Any CPU
		{2AD9C38F-FD7B-4AA9-972F-56A658C6B44B}.Release|x64.Build.0 = Release|Any CPU
		{2AD9C38F-FD7B-4AA9-972F-56A658C6B44B}.Release|x86.ActiveCfg = Release|Any CPU
		{2AD9C38F-FD7B-4AA9-972F-56A658C6B44B}.Release|x86.Build.0 = Release|Any CPU
		{2FCFE627-586C-4D59-8317-0B57AAC95AB8}.Debug|Any CPU.ActiveCfg = Debug|Any CPU
		{2FCFE627-586C-4D59-8317-0B57AAC95AB8}.Debug|Any CPU.Build.0 = Debug|Any CPU
		{2FCFE627-586C-4D59-8317-0B57AAC95AB8}.Debug|x64.ActiveCfg = Debug|Any CPU
		{2FCFE627-586C-4D59-8317-0B57AAC95AB8}.Debug|x64.Build.0 = Debug|Any CPU
		{2FCFE627-586C-4D59-8317-0B57AAC95AB8}.Debug|x86.ActiveCfg = Debug|Any CPU
		{2FCFE627-586C-4D59-8317-0B57AAC95AB8}.Debug|x86.Build.0 = Debug|Any CPU
		{2FCFE627-586C-4D59-8317-0B57AAC95AB8}.Release|Any CPU.ActiveCfg = Release|Any CPU
		{2FCFE627-586C-4D59-8317-0B57AAC95AB8}.Release|Any CPU.Build.0 = Release|Any CPU
		{2FCFE627-586C-4D59-8317-0B57AAC95AB8}.Release|x64.ActiveCfg = Release|Any CPU
		{2FCFE627-586C-4D59-8317-0B57AAC95AB8}.Release|x64.Build.0 = Release|Any CPU
		{2FCFE627-586C-4D59-8317-0B57AAC95AB8}.Release|x86.ActiveCfg = Release|Any CPU
		{2FCFE627-586C-4D59-8317-0B57AAC95AB8}.Release|x86.Build.0 = Release|Any CPU
		{3FBF09B4-3632-41E1-86F3-2B9F144CFBEC}.Debug|Any CPU.ActiveCfg = Debug|Any CPU
		{3FBF09B4-3632-41E1-86F3-2B9F144CFBEC}.Debug|Any CPU.Build.0 = Debug|Any CPU
		{3FBF09B4-3632-41E1-86F3-2B9F144CFBEC}.Debug|x64.ActiveCfg = Debug|Any CPU
		{3FBF09B4-3632-41E1-86F3-2B9F144CFBEC}.Debug|x64.Build.0 = Debug|Any CPU
		{3FBF09B4-3632-41E1-86F3-2B9F144CFBEC}.Debug|x86.ActiveCfg = Debug|Any CPU
		{3FBF09B4-3632-41E1-86F3-2B9F144CFBEC}.Debug|x86.Build.0 = Debug|Any CPU
		{3FBF09B4-3632-41E1-86F3-2B9F144CFBEC}.Release|Any CPU.ActiveCfg = Release|Any CPU
		{3FBF09B4-3632-41E1-86F3-2B9F144CFBEC}.Release|Any CPU.Build.0 = Release|Any CPU
		{3FBF09B4-3632-41E1-86F3-2B9F144CFBEC}.Release|x64.ActiveCfg = Release|Any CPU
		{3FBF09B4-3632-41E1-86F3-2B9F144CFBEC}.Release|x64.Build.0 = Release|Any CPU
		{3FBF09B4-3632-41E1-86F3-2B9F144CFBEC}.Release|x86.ActiveCfg = Release|Any CPU
		{3FBF09B4-3632-41E1-86F3-2B9F144CFBEC}.Release|x86.Build.0 = Release|Any CPU
		{424BEA85-C293-4244-A10C-29544E019A95}.Debug|Any CPU.ActiveCfg = Debug|Any CPU
		{424BEA85-C293-4244-A10C-29544E019A95}.Debug|Any CPU.Build.0 = Debug|Any CPU
		{424BEA85-C293-4244-A10C-29544E019A95}.Debug|x64.ActiveCfg = Debug|Any CPU
		{424BEA85-C293-4244-A10C-29544E019A95}.Debug|x64.Build.0 = Debug|Any CPU
		{424BEA85-C293-4244-A10C-29544E019A95}.Debug|x86.ActiveCfg = Debug|Any CPU
		{424BEA85-C293-4244-A10C-29544E019A95}.Debug|x86.Build.0 = Debug|Any CPU
		{424BEA85-C293-4244-A10C-29544E019A95}.Release|Any CPU.ActiveCfg = Release|Any CPU
		{424BEA85-C293-4244-A10C-29544E019A95}.Release|Any CPU.Build.0 = Release|Any CPU
		{424BEA85-C293-4244-A10C-29544E019A95}.Release|x64.ActiveCfg = Release|Any CPU
		{424BEA85-C293-4244-A10C-29544E019A95}.Release|x64.Build.0 = Release|Any CPU
		{424BEA85-C293-4244-A10C-29544E019A95}.Release|x86.ActiveCfg = Release|Any CPU
		{424BEA85-C293-4244-A10C-29544E019A95}.Release|x86.Build.0 = Release|Any CPU
		{4EDFBA8C-DD36-4D88-B5DF-3CB34A664E6B}.Debug|Any CPU.ActiveCfg = Debug|Any CPU
		{4EDFBA8C-DD36-4D88-B5DF-3CB34A664E6B}.Debug|Any CPU.Build.0 = Debug|Any CPU
		{4EDFBA8C-DD36-4D88-B5DF-3CB34A664E6B}.Debug|x64.ActiveCfg = Debug|Any CPU
		{4EDFBA8C-DD36-4D88-B5DF-3CB34A664E6B}.Debug|x64.Build.0 = Debug|Any CPU
		{4EDFBA8C-DD36-4D88-B5DF-3CB34A664E6B}.Debug|x86.ActiveCfg = Debug|Any CPU
		{4EDFBA8C-DD36-4D88-B5DF-3CB34A664E6B}.Debug|x86.Build.0 = Debug|Any CPU
		{4EDFBA8C-DD36-4D88-B5DF-3CB34A664E6B}.Release|Any CPU.ActiveCfg = Release|Any CPU
		{4EDFBA8C-DD36-4D88-B5DF-3CB34A664E6B}.Release|Any CPU.Build.0 = Release|Any CPU
		{4EDFBA8C-DD36-4D88-B5DF-3CB34A664E6B}.Release|x64.ActiveCfg = Release|Any CPU
		{4EDFBA8C-DD36-4D88-B5DF-3CB34A664E6B}.Release|x64.Build.0 = Release|Any CPU
		{4EDFBA8C-DD36-4D88-B5DF-3CB34A664E6B}.Release|x86.ActiveCfg = Release|Any CPU
		{4EDFBA8C-DD36-4D88-B5DF-3CB34A664E6B}.Release|x86.Build.0 = Release|Any CPU
		{8730BB8B-3566-4B3F-8522-4C9AF40B24B8}.Debug|Any CPU.ActiveCfg = Debug|Any CPU
		{8730BB8B-3566-4B3F-8522-4C9AF40B24B8}.Debug|Any CPU.Build.0 = Debug|Any CPU
		{8730BB8B-3566-4B3F-8522-4C9AF40B24B8}.Debug|x64.ActiveCfg = Debug|Any CPU
		{8730BB8B-3566-4B3F-8522-4C9AF40B24B8}.Debug|x64.Build.0 = Debug|Any CPU
		{8730BB8B-3566-4B3F-8522-4C9AF40B24B8}.Debug|x86.ActiveCfg = Debug|Any CPU
		{8730BB8B-3566-4B3F-8522-4C9AF40B24B8}.Debug|x86.Build.0 = Debug|Any CPU
		{8730BB8B-3566-4B3F-8522-4C9AF40B24B8}.Release|Any CPU.ActiveCfg = Release|Any CPU
		{8730BB8B-3566-4B3F-8522-4C9AF40B24B8}.Release|Any CPU.Build.0 = Release|Any CPU
		{8730BB8B-3566-4B3F-8522-4C9AF40B24B8}.Release|x64.ActiveCfg = Release|Any CPU
		{8730BB8B-3566-4B3F-8522-4C9AF40B24B8}.Release|x64.Build.0 = Release|Any CPU
		{8730BB8B-3566-4B3F-8522-4C9AF40B24B8}.Release|x86.ActiveCfg = Release|Any CPU
		{8730BB8B-3566-4B3F-8522-4C9AF40B24B8}.Release|x86.Build.0 = Release|Any CPU
	EndGlobalSection
	GlobalSection(SolutionProperties) = preSolution
		HideSolutionNode = FALSE
	EndGlobalSection
	GlobalSection(NestedProjects) = preSolution
		{3C779764-C39F-476C-9F64-847E7989636A} = {0AB3BF05-4346-4AA6-1389-037BE0695223}
		{7FD2814B-78AF-4516-9AD6-377A01B4C402} = {0AB3BF05-4346-4AA6-1389-037BE0695223}
		{618542F8-4C36-4DD8-A67A-7EA9824AC802} = {0AB3BF05-4346-4AA6-1389-037BE0695223}
		{79F9C22C-094B-422A-9AAD-3CAF22964357} = {0AB3BF05-4346-4AA6-1389-037BE0695223}
		{8C00CF8A-5475-2720-0E85-F1CBBE5E1F0B} = {827E0CD3-B72D-47B6-A68D-7590B98EB39B}
		{15348706-3B51-AFD1-85A6-7F7A3E37330F} = {8C00CF8A-5475-2720-0E85-F1CBBE5E1F0B}
		{EF4008C4-A03A-034C-FF3E-D25B99585615} = {15348706-3B51-AFD1-85A6-7F7A3E37330F}
		{57CF0A8D-2FF9-1DC5-8F8A-2369846ACDD3} = {EF4008C4-A03A-034C-FF3E-D25B99585615}
		{44B37CBC-FA1C-41A3-8B8C-A520087F9777} = {57CF0A8D-2FF9-1DC5-8F8A-2369846ACDD3}
		{EB00DBA9-DEE0-A063-40B3-CA23AA6C75AE} = {15348706-3B51-AFD1-85A6-7F7A3E37330F}
		{3030E0D6-C222-C7CF-53AF-57B85633831C} = {EB00DBA9-DEE0-A063-40B3-CA23AA6C75AE}
		{8731AC07-7CD3-4FFF-B8AA-74799D914570} = {3030E0D6-C222-C7CF-53AF-57B85633831C}
		{3E9DE1A8-1769-4527-9FC3-055D44142B39} = {15348706-3B51-AFD1-85A6-7F7A3E37330F}
		{03DF8D33-19DC-2DAB-FD13-EB3A707ACCF1} = {3E9DE1A8-1769-4527-9FC3-055D44142B39}
		{A3469A6B-7219-4E94-B5C1-0F688F2E1EA3} = {03DF8D33-19DC-2DAB-FD13-EB3A707ACCF1}
		{DF2A7688-F538-BFFD-9FAB-B9626D55BE7C} = {15348706-3B51-AFD1-85A6-7F7A3E37330F}
		{B100A94C-763C-0840-6012-45EEE356EB66} = {DF2A7688-F538-BFFD-9FAB-B9626D55BE7C}
		{23F7FC8E-42AC-4E74-A648-D9A47428A0C5} = {B100A94C-763C-0840-6012-45EEE356EB66}
		{288CE3B9-2AD7-D154-A1FF-69EF276B8F9F} = {15348706-3B51-AFD1-85A6-7F7A3E37330F}
		{FF6E6336-E6A3-CAC4-C78E-7470D1603ABB} = {288CE3B9-2AD7-D154-A1FF-69EF276B8F9F}
		{5471E359-CB94-441D-A6E9-6081F406D077} = {FF6E6336-E6A3-CAC4-C78E-7470D1603ABB}
		{82F2B965-906A-21AA-6AAF-EF5A7F663737} = {15348706-3B51-AFD1-85A6-7F7A3E37330F}
		{7290AAB8-414C-8F14-0408-E9747AA1C3F5} = {82F2B965-906A-21AA-6AAF-EF5A7F663737}
		{25A79DA8-9189-48D9-B9B6-54506F378A6A} = {7290AAB8-414C-8F14-0408-E9747AA1C3F5}
		{C4E13178-A9CA-6A3A-0B31-5A158F72B726} = {15348706-3B51-AFD1-85A6-7F7A3E37330F}
		{D35C619A-33F8-08F3-755D-29B687AD7F8C} = {C4E13178-A9CA-6A3A-0B31-5A158F72B726}
		{987FFC05-60A2-4D07-B10F-CE4B7136C731} = {D35C619A-33F8-08F3-755D-29B687AD7F8C}
		{36BC4FB2-8A98-C051-6745-043C01C52CB6} = {15348706-3B51-AFD1-85A6-7F7A3E37330F}
		{FB25A5E0-E915-64C1-D12A-C7B5603FF05F} = {36BC4FB2-8A98-C051-6745-043C01C52CB6}
		{572FB1C9-44CB-443A-97F2-714B7E680609} = {FB25A5E0-E915-64C1-D12A-C7B5603FF05F}
		{5082E024-C9E2-C998-B7FD-749025243D5C} = {15348706-3B51-AFD1-85A6-7F7A3E37330F}
		{70CDF709-101D-9367-7E5C-90B5ABF8CA07} = {5082E024-C9E2-C998-B7FD-749025243D5C}
		{D53A5E01-7702-4CD5-AB47-07F162A3C45B} = {70CDF709-101D-9367-7E5C-90B5ABF8CA07}
		{32498966-8329-6BA8-D23D-D9905D166C11} = {15348706-3B51-AFD1-85A6-7F7A3E37330F}
		{DE9A2B84-43C5-DD12-84ED-16C8A15A9A24} = {32498966-8329-6BA8-D23D-D9905D166C11}
		{B255367D-59AD-4568-8232-AF6C6FBD7A96} = {DE9A2B84-43C5-DD12-84ED-16C8A15A9A24}
		{66E09B29-BAD1-B2AB-42C7-8AD732A18102} = {8C00CF8A-5475-2720-0E85-F1CBBE5E1F0B}
		{F8883B1B-C003-3BB8-5FF1-4CDC265CCC86} = {66E09B29-BAD1-B2AB-42C7-8AD732A18102}
		{1540955F-4272-4E99-7EAF-FCB41C67C224} = {F8883B1B-C003-3BB8-5FF1-4CDC265CCC86}
		{B93213EE-D061-4BBE-8007-A46AD308035F} = {1540955F-4272-4E99-7EAF-FCB41C67C224}
		{C8E42992-5E42-0C2B-DBFE-AA848D06431C} = {827E0CD3-B72D-47B6-A68D-7590B98EB39B}
		{81E62CFB-0258-094E-67E7-AC527289E3A8} = {C8E42992-5E42-0C2B-DBFE-AA848D06431C}
		{8113DA63-BD77-4FA7-8D8E-81ACC119E08A} = {81E62CFB-0258-094E-67E7-AC527289E3A8}
		{99EEA732-3F5B-2F83-7DCA-1016B2193C26} = {C8E42992-5E42-0C2B-DBFE-AA848D06431C}
		{B8D85D6E-F593-40A0-A4DB-F96BEB6C74C4} = {99EEA732-3F5B-2F83-7DCA-1016B2193C26}
		{4695FFD0-0F29-CFDF-AB1D-8C675D9BAEFE} = {C8E42992-5E42-0C2B-DBFE-AA848D06431C}
		{87954C90-2FEE-41F9-B4BD-2A5890F31BC5} = {4695FFD0-0F29-CFDF-AB1D-8C675D9BAEFE}
		{395550EB-BC2E-5DA5-C7D4-BB130739CB00} = {C8E42992-5E42-0C2B-DBFE-AA848D06431C}
		{5C0A250E-6078-4FFA-89D7-05FC299E4532} = {395550EB-BC2E-5DA5-C7D4-BB130739CB00}
		{DAA00B20-4197-2219-F9DD-B04CC6FD2A53} = {66E09B29-BAD1-B2AB-42C7-8AD732A18102}
		{19C629ED-1DD8-4CC4-A14D-4BD90D748E8F} = {DAA00B20-4197-2219-F9DD-B04CC6FD2A53}
		{115CDBFD-620E-CFA8-D2E5-091A4AE17D0F} = {66E09B29-BAD1-B2AB-42C7-8AD732A18102}
		{9D1624FD-77D1-420A-A99B-BC89BC997EA3} = {115CDBFD-620E-CFA8-D2E5-091A4AE17D0F}
		{653321EE-8459-8F0C-2B73-83632013A9E2} = {C8E42992-5E42-0C2B-DBFE-AA848D06431C}
		{2E67E1CA-832C-4DD5-B71B-17E7B4CD5826} = {653321EE-8459-8F0C-2B73-83632013A9E2}
		{2956BD9F-508F-458E-D25A-DD1BD3887EAF} = {4695FFD0-0F29-CFDF-AB1D-8C675D9BAEFE}
		{D30F4C38-CC6A-4D7C-81BA-4EDB32F25860} = {2956BD9F-508F-458E-D25A-DD1BD3887EAF}
		{2AD9C38F-FD7B-4AA9-972F-56A658C6B44B} = {0AB3BF05-4346-4AA6-1389-037BE0695223}
		{8B290487-4C16-E85E-E807-F579CBE9FC4D} = {827E0CD3-B72D-47B6-A68D-7590B98EB39B}
		{F3B3A9BC-0A65-5D35-B322-D4AEDA9BA760} = {8B290487-4C16-E85E-E807-F579CBE9FC4D}
		{2FCFE627-586C-4D59-8317-0B57AAC95AB8} = {F3B3A9BC-0A65-5D35-B322-D4AEDA9BA760}
		{444E5676-9E6A-C08C-A006-FD6315F645BB} = {8B290487-4C16-E85E-E807-F579CBE9FC4D}
		{3FBF09B4-3632-41E1-86F3-2B9F144CFBEC} = {444E5676-9E6A-C08C-A006-FD6315F645BB}
		{424BEA85-C293-4244-A10C-29544E019A95} = {827E0CD3-B72D-47B6-A68D-7590B98EB39B}
		{4EDFBA8C-DD36-4D88-B5DF-3CB34A664E6B} = {827E0CD3-B72D-47B6-A68D-7590B98EB39B}
		{8730BB8B-3566-4B3F-8522-4C9AF40B24B8} = {827E0CD3-B72D-47B6-A68D-7590B98EB39B}
	EndGlobalSection
EndGlobal
