
Microsoft Visual Studio Solution File, Format Version 12.00
# Visual Studio Version 17
VisualStudioVersion = 17.0.31903.59
MinimumVisualStudioVersion = 10.0.40219.1
Project("{2150E333-8FDC-42A3-9474-1A3956D46DE8}") = "src", "src", "{827E0CD3-B72D-47B6-A68D-7590B98EB39B}"
EndProject
Project("{2150E333-8FDC-42A3-9474-1A3956D46DE8}") = "ソリューション項目", "ソリューション項目", "{2022CB0F-8BAF-F49E-0C48-8EF4C96EC109}"
	ProjectSection(SolutionItems) = preProject
		docs\BLAZOR_ARCHITECTURE_GUIDE_COMPLETE.md = docs\BLAZOR_ARCHITECTURE_GUIDE_COMPLETE.md
	EndProjectSection
EndProject
Project("{2150E333-8FDC-42A3-9474-1A3956D46DE8}") = "Shared", "Shared", "{C8E42992-5E42-0C2B-DBFE-AA848D06431C}"
EndProject
Project("{2150E333-8FDC-42A3-9474-1A3956D46DE8}") = "Application", "Application", "{81E62CFB-0258-094E-67E7-AC527289E3A8}"
EndProject
Project("{FAE04EC0-301F-11D3-BF4B-00C04F79EFBC}") = "Shared.Application", "src\Shared\Application\Shared.Application.csproj", "{8113DA63-BD77-4FA7-8D8E-81ACC119E08A}"
EndProject
Project("{2150E333-8FDC-42A3-9474-1A3956D46DE8}") = "Domain", "Domain", "{99EEA732-3F5B-2F83-7DCA-1016B2193C26}"
EndProject
Project("{FAE04EC0-301F-11D3-BF4B-00C04F79EFBC}") = "Shared.Domain", "src\Shared\Domain\Shared.Domain.csproj", "{B8D85D6E-F593-40A0-A4DB-F96BEB6C74C4}"
EndProject
Project("{2150E333-8FDC-42A3-9474-1A3956D46DE8}") = "Infrastructure", "Infrastructure", "{4695FFD0-0F29-CFDF-AB1D-8C675D9BAEFE}"
EndProject
Project("{FAE04EC0-301F-11D3-BF4B-00C04F79EFBC}") = "Shared.Infrastructure", "src\Shared\Infrastructure\Shared.Infrastructure.csproj", "{87954C90-2FEE-41F9-B4BD-2A5890F31BC5}"
EndProject
Project("{2150E333-8FDC-42A3-9474-1A3956D46DE8}") = "Kernel", "Kernel", "{395550EB-BC2E-5DA5-C7D4-BB130739CB00}"
EndProject
Project("{FAE04EC0-301F-11D3-BF4B-00C04F79EFBC}") = "Kernel", "src\Kernel\Kernel.csproj", "{5C0A250E-6078-4FFA-89D7-05FC299E4532}"
EndProject
Project("{2150E333-8FDC-42A3-9474-1A3956D46DE8}") = "Abstractions", "Abstractions", "{653321EE-8459-8F0C-2B73-83632013A9E2}"
EndProject
Project("{FAE04EC0-301F-11D3-BF4B-00C04F79EFBC}") = "Shared.Abstractions", "src\Shared\Abstractions\Shared.Abstractions.csproj", "{2E67E1CA-832C-4DD5-B71B-17E7B4CD5826}"
EndProject
Project("{2150E333-8FDC-42A3-9474-1A3956D46DE8}") = "Platform", "Platform", "{2956BD9F-508F-458E-D25A-DD1BD3887EAF}"
EndProject
Project("{FAE04EC0-301F-11D3-BF4B-00C04F79EFBC}") = "Shared.Infrastructure.Platform", "src\Shared\Infrastructure\Platform\Shared.Infrastructure.Platform.csproj", "{D30F4C38-CC6A-4D7C-81BA-4EDB32F25860}"
EndProject
Project("{2150E333-8FDC-42A3-9474-1A3956D46DE8}") = "Domain", "Domain", "{8B290487-4C16-E85E-E807-F579CBE9FC4D}"
EndProject
Project("{2150E333-8FDC-42A3-9474-1A3956D46DE8}") = "PurchaseManagement", "PurchaseManagement", "{F3B3A9BC-0A65-5D35-B322-D4AEDA9BA760}"
EndProject
Project("{FAE04EC0-301F-11D3-BF4B-00C04F79EFBC}") = "Domain.PurchaseManagement", "src\Domain\PurchaseManagement\Domain.PurchaseManagement.csproj", "{2FCFE627-586C-4D59-8317-0B57AAC95AB8}"
EndProject
Project("{2150E333-8FDC-42A3-9474-1A3956D46DE8}") = "ProductCatalog", "ProductCatalog", "{444E5676-9E6A-C08C-A006-FD6315F645BB}"
EndProject
Project("{FAE04EC0-301F-11D3-BF4B-00C04F79EFBC}") = "Domain.ProductCatalog", "src\Domain\ProductCatalog\Domain.ProductCatalog.csproj", "{3FBF09B4-3632-41E1-86F3-2B9F144CFBEC}"
EndProject
Project("{FAE04EC0-301F-11D3-BF4B-00C04F79EFBC}") = "Application", "src\Application\Application.csproj", "{8730BB8B-3566-4B3F-8522-4C9AF40B24B8}"
EndProject
Project("{2150E333-8FDC-42A3-9474-1A3956D46DE8}") = "ApprovalWorkflow", "ApprovalWorkflow", "{03788D1C-3672-E892-AC37-78CA283A615D}"
EndProject
Project("{FAE04EC0-301F-11D3-BF4B-00C04F79EFBC}") = "Domain.ApprovalWorkflow", "src\Domain\ApprovalWorkflow\Domain.ApprovalWorkflow.csproj", "{CB058014-7BD9-4B68-9E1D-2BB84B0AC620}"
EndProject
Global
	GlobalSection(SolutionConfigurationPlatforms) = preSolution
		Debug|Any CPU = Debug|Any CPU
		Debug|x64 = Debug|x64
		Debug|x86 = Debug|x86
		Release|Any CPU = Release|Any CPU
		Release|x64 = Release|x64
		Release|x86 = Release|x86
	EndGlobalSection
	GlobalSection(ProjectConfigurationPlatforms) = postSolution
		{8113DA63-BD77-4FA7-8D8E-81ACC119E08A}.Debug|Any CPU.ActiveCfg = Debug|Any CPU
		{8113DA63-BD77-4FA7-8D8E-81ACC119E08A}.Debug|Any CPU.Build.0 = Debug|Any CPU
		{8113DA63-BD77-4FA7-8D8E-81ACC119E08A}.Debug|x64.ActiveCfg = Debug|Any CPU
		{8113DA63-BD77-4FA7-8D8E-81ACC119E08A}.Debug|x64.Build.0 = Debug|Any CPU
		{8113DA63-BD77-4FA7-8D8E-81ACC119E08A}.Debug|x86.ActiveCfg = Debug|Any CPU
		{8113DA63-BD77-4FA7-8D8E-81ACC119E08A}.Debug|x86.Build.0 = Debug|Any CPU
		{8113DA63-BD77-4FA7-8D8E-81ACC119E08A}.Release|Any CPU.ActiveCfg = Release|Any CPU
		{8113DA63-BD77-4FA7-8D8E-81ACC119E08A}.Release|Any CPU.Build.0 = Release|Any CPU
		{8113DA63-BD77-4FA7-8D8E-81ACC119E08A}.Release|x64.ActiveCfg = Release|Any CPU
		{8113DA63-BD77-4FA7-8D8E-81ACC119E08A}.Release|x64.Build.0 = Release|Any CPU
		{8113DA63-BD77-4FA7-8D8E-81ACC119E08A}.Release|x86.ActiveCfg = Release|Any CPU
		{8113DA63-BD77-4FA7-8D8E-81ACC119E08A}.Release|x86.Build.0 = Release|Any CPU
		{B8D85D6E-F593-40A0-A4DB-F96BEB6C74C4}.Debug|Any CPU.ActiveCfg = Debug|Any CPU
		{B8D85D6E-F593-40A0-A4DB-F96BEB6C74C4}.Debug|Any CPU.Build.0 = Debug|Any CPU
		{B8D85D6E-F593-40A0-A4DB-F96BEB6C74C4}.Debug|x64.ActiveCfg = Debug|Any CPU
		{B8D85D6E-F593-40A0-A4DB-F96BEB6C74C4}.Debug|x64.Build.0 = Debug|Any CPU
		{B8D85D6E-F593-40A0-A4DB-F96BEB6C74C4}.Debug|x86.ActiveCfg = Debug|Any CPU
		{B8D85D6E-F593-40A0-A4DB-F96BEB6C74C4}.Debug|x86.Build.0 = Debug|Any CPU
		{B8D85D6E-F593-40A0-A4DB-F96BEB6C74C4}.Release|Any CPU.ActiveCfg = Release|Any CPU
		{B8D85D6E-F593-40A0-A4DB-F96BEB6C74C4}.Release|Any CPU.Build.0 = Release|Any CPU
		{B8D85D6E-F593-40A0-A4DB-F96BEB6C74C4}.Release|x64.ActiveCfg = Release|Any CPU
		{B8D85D6E-F593-40A0-A4DB-F96BEB6C74C4}.Release|x64.Build.0 = Release|Any CPU
		{B8D85D6E-F593-40A0-A4DB-F96BEB6C74C4}.Release|x86.ActiveCfg = Release|Any CPU
		{B8D85D6E-F593-40A0-A4DB-F96BEB6C74C4}.Release|x86.Build.0 = Release|Any CPU
		{87954C90-2FEE-41F9-B4BD-2A5890F31BC5}.Debug|Any CPU.ActiveCfg = Debug|Any CPU
		{87954C90-2FEE-41F9-B4BD-2A5890F31BC5}.Debug|Any CPU.Build.0 = Debug|Any CPU
		{87954C90-2FEE-41F9-B4BD-2A5890F31BC5}.Debug|x64.ActiveCfg = Debug|Any CPU
		{87954C90-2FEE-41F9-B4BD-2A5890F31BC5}.Debug|x64.Build.0 = Debug|Any CPU
		{87954C90-2FEE-41F9-B4BD-2A5890F31BC5}.Debug|x86.ActiveCfg = Debug|Any CPU
		{87954C90-2FEE-41F9-B4BD-2A5890F31BC5}.Debug|x86.Build.0 = Debug|Any CPU
		{87954C90-2FEE-41F9-B4BD-2A5890F31BC5}.Release|Any CPU.ActiveCfg = Release|Any CPU
		{87954C90-2FEE-41F9-B4BD-2A5890F31BC5}.Release|Any CPU.Build.0 = Release|Any CPU
		{87954C90-2FEE-41F9-B4BD-2A5890F31BC5}.Release|x64.ActiveCfg = Release|Any CPU
		{87954C90-2FEE-41F9-B4BD-2A5890F31BC5}.Release|x64.Build.0 = Release|Any CPU
		{87954C90-2FEE-41F9-B4BD-2A5890F31BC5}.Release|x86.ActiveCfg = Release|Any CPU
		{87954C90-2FEE-41F9-B4BD-2A5890F31BC5}.Release|x86.Build.0 = Release|Any CPU
		{5C0A250E-6078-4FFA-89D7-05FC299E4532}.Debug|Any CPU.ActiveCfg = Debug|Any CPU
		{5C0A250E-6078-4FFA-89D7-05FC299E4532}.Debug|Any CPU.Build.0 = Debug|Any CPU
		{5C0A250E-6078-4FFA-89D7-05FC299E4532}.Debug|x64.ActiveCfg = Debug|Any CPU
		{5C0A250E-6078-4FFA-89D7-05FC299E4532}.Debug|x64.Build.0 = Debug|Any CPU
		{5C0A250E-6078-4FFA-89D7-05FC299E4532}.Debug|x86.ActiveCfg = Debug|Any CPU
		{5C0A250E-6078-4FFA-89D7-05FC299E4532}.Debug|x86.Build.0 = Debug|Any CPU
		{5C0A250E-6078-4FFA-89D7-05FC299E4532}.Release|Any CPU.ActiveCfg = Release|Any CPU
		{5C0A250E-6078-4FFA-89D7-05FC299E4532}.Release|Any CPU.Build.0 = Release|Any CPU
		{5C0A250E-6078-4FFA-89D7-05FC299E4532}.Release|x64.ActiveCfg = Release|Any CPU
		{5C0A250E-6078-4FFA-89D7-05FC299E4532}.Release|x64.Build.0 = Release|Any CPU
		{5C0A250E-6078-4FFA-89D7-05FC299E4532}.Release|x86.ActiveCfg = Release|Any CPU
		{5C0A250E-6078-4FFA-89D7-05FC299E4532}.Release|x86.Build.0 = Release|Any CPU
		{2E67E1CA-832C-4DD5-B71B-17E7B4CD5826}.Debug|Any CPU.ActiveCfg = Debug|Any CPU
		{2E67E1CA-832C-4DD5-B71B-17E7B4CD5826}.Debug|Any CPU.Build.0 = Debug|Any CPU
		{2E67E1CA-832C-4DD5-B71B-17E7B4CD5826}.Debug|x64.ActiveCfg = Debug|Any CPU
		{2E67E1CA-832C-4DD5-B71B-17E7B4CD5826}.Debug|x64.Build.0 = Debug|Any CPU
		{2E67E1CA-832C-4DD5-B71B-17E7B4CD5826}.Debug|x86.ActiveCfg = Debug|Any CPU
		{2E67E1CA-832C-4DD5-B71B-17E7B4CD5826}.Debug|x86.Build.0 = Debug|Any CPU
		{2E67E1CA-832C-4DD5-B71B-17E7B4CD5826}.Release|Any CPU.ActiveCfg = Release|Any CPU
		{2E67E1CA-832C-4DD5-B71B-17E7B4CD5826}.Release|Any CPU.Build.0 = Release|Any CPU
		{2E67E1CA-832C-4DD5-B71B-17E7B4CD5826}.Release|x64.ActiveCfg = Release|Any CPU
		{2E67E1CA-832C-4DD5-B71B-17E7B4CD5826}.Release|x64.Build.0 = Release|Any CPU
		{2E67E1CA-832C-4DD5-B71B-17E7B4CD5826}.Release|x86.ActiveCfg = Release|Any CPU
		{2E67E1CA-832C-4DD5-B71B-17E7B4CD5826}.Release|x86.Build.0 = Release|Any CPU
		{D30F4C38-CC6A-4D7C-81BA-4EDB32F25860}.Debug|Any CPU.ActiveCfg = Debug|Any CPU
		{D30F4C38-CC6A-4D7C-81BA-4EDB32F25860}.Debug|Any CPU.Build.0 = Debug|Any CPU
		{D30F4C38-CC6A-4D7C-81BA-4EDB32F25860}.Debug|x64.ActiveCfg = Debug|Any CPU
		{D30F4C38-CC6A-4D7C-81BA-4EDB32F25860}.Debug|x64.Build.0 = Debug|Any CPU
		{D30F4C38-CC6A-4D7C-81BA-4EDB32F25860}.Debug|x86.ActiveCfg = Debug|Any CPU
		{D30F4C38-CC6A-4D7C-81BA-4EDB32F25860}.Debug|x86.Build.0 = Debug|Any CPU
		{D30F4C38-CC6A-4D7C-81BA-4EDB32F25860}.Release|Any CPU.ActiveCfg = Release|Any CPU
		{D30F4C38-CC6A-4D7C-81BA-4EDB32F25860}.Release|Any CPU.Build.0 = Release|Any CPU
		{D30F4C38-CC6A-4D7C-81BA-4EDB32F25860}.Release|x64.ActiveCfg = Release|Any CPU
		{D30F4C38-CC6A-4D7C-81BA-4EDB32F25860}.Release|x64.Build.0 = Release|Any CPU
		{D30F4C38-CC6A-4D7C-81BA-4EDB32F25860}.Release|x86.ActiveCfg = Release|Any CPU
		{D30F4C38-CC6A-4D7C-81BA-4EDB32F25860}.Release|x86.Build.0 = Release|Any CPU
		{2FCFE627-586C-4D59-8317-0B57AAC95AB8}.Debug|Any CPU.ActiveCfg = Debug|Any CPU
		{2FCFE627-586C-4D59-8317-0B57AAC95AB8}.Debug|Any CPU.Build.0 = Debug|Any CPU
		{2FCFE627-586C-4D59-8317-0B57AAC95AB8}.Debug|x64.ActiveCfg = Debug|Any CPU
		{2FCFE627-586C-4D59-8317-0B57AAC95AB8}.Debug|x64.Build.0 = Debug|Any CPU
		{2FCFE627-586C-4D59-8317-0B57AAC95AB8}.Debug|x86.ActiveCfg = Debug|Any CPU
		{2FCFE627-586C-4D59-8317-0B57AAC95AB8}.Debug|x86.Build.0 = Debug|Any CPU
		{2FCFE627-586C-4D59-8317-0B57AAC95AB8}.Release|Any CPU.ActiveCfg = Release|Any CPU
		{2FCFE627-586C-4D59-8317-0B57AAC95AB8}.Release|Any CPU.Build.0 = Release|Any CPU
		{2FCFE627-586C-4D59-8317-0B57AAC95AB8}.Release|x64.ActiveCfg = Release|Any CPU
		{2FCFE627-586C-4D59-8317-0B57AAC95AB8}.Release|x64.Build.0 = Release|Any CPU
		{2FCFE627-586C-4D59-8317-0B57AAC95AB8}.Release|x86.ActiveCfg = Release|Any CPU
		{2FCFE627-586C-4D59-8317-0B57AAC95AB8}.Release|x86.Build.0 = Release|Any CPU
		{3FBF09B4-3632-41E1-86F3-2B9F144CFBEC}.Debug|Any CPU.ActiveCfg = Debug|Any CPU
		{3FBF09B4-3632-41E1-86F3-2B9F144CFBEC}.Debug|Any CPU.Build.0 = Debug|Any CPU
		{3FBF09B4-3632-41E1-86F3-2B9F144CFBEC}.Debug|x64.ActiveCfg = Debug|Any CPU
		{3FBF09B4-3632-41E1-86F3-2B9F144CFBEC}.Debug|x64.Build.0 = Debug|Any CPU
		{3FBF09B4-3632-41E1-86F3-2B9F144CFBEC}.Debug|x86.ActiveCfg = Debug|Any CPU
		{3FBF09B4-3632-41E1-86F3-2B9F144CFBEC}.Debug|x86.Build.0 = Debug|Any CPU
		{3FBF09B4-3632-41E1-86F3-2B9F144CFBEC}.Release|Any CPU.ActiveCfg = Release|Any CPU
		{3FBF09B4-3632-41E1-86F3-2B9F144CFBEC}.Release|Any CPU.Build.0 = Release|Any CPU
		{3FBF09B4-3632-41E1-86F3-2B9F144CFBEC}.Release|x64.ActiveCfg = Release|Any CPU
		{3FBF09B4-3632-41E1-86F3-2B9F144CFBEC}.Release|x64.Build.0 = Release|Any CPU
		{3FBF09B4-3632-41E1-86F3-2B9F144CFBEC}.Release|x86.ActiveCfg = Release|Any CPU
		{3FBF09B4-3632-41E1-86F3-2B9F144CFBEC}.Release|x86.Build.0 = Release|Any CPU
		{8730BB8B-3566-4B3F-8522-4C9AF40B24B8}.Debug|Any CPU.ActiveCfg = Debug|Any CPU
		{8730BB8B-3566-4B3F-8522-4C9AF40B24B8}.Debug|Any CPU.Build.0 = Debug|Any CPU
		{8730BB8B-3566-4B3F-8522-4C9AF40B24B8}.Debug|x64.ActiveCfg = Debug|Any CPU
		{8730BB8B-3566-4B3F-8522-4C9AF40B24B8}.Debug|x64.Build.0 = Debug|Any CPU
		{8730BB8B-3566-4B3F-8522-4C9AF40B24B8}.Debug|x86.ActiveCfg = Debug|Any CPU
		{8730BB8B-3566-4B3F-8522-4C9AF40B24B8}.Debug|x86.Build.0 = Debug|Any CPU
		{8730BB8B-3566-4B3F-8522-4C9AF40B24B8}.Release|Any CPU.ActiveCfg = Release|Any CPU
		{8730BB8B-3566-4B3F-8522-4C9AF40B24B8}.Release|Any CPU.Build.0 = Release|Any CPU
		{8730BB8B-3566-4B3F-8522-4C9AF40B24B8}.Release|x64.ActiveCfg = Release|Any CPU
		{8730BB8B-3566-4B3F-8522-4C9AF40B24B8}.Release|x64.Build.0 = Release|Any CPU
		{8730BB8B-3566-4B3F-8522-4C9AF40B24B8}.Release|x86.ActiveCfg = Release|Any CPU
		{8730BB8B-3566-4B3F-8522-4C9AF40B24B8}.Release|x86.Build.0 = Release|Any CPU
		{CB058014-7BD9-4B68-9E1D-2BB84B0AC620}.Debug|Any CPU.ActiveCfg = Debug|Any CPU
		{CB058014-7BD9-4B68-9E1D-2BB84B0AC620}.Debug|Any CPU.Build.0 = Debug|Any CPU
		{CB058014-7BD9-4B68-9E1D-2BB84B0AC620}.Debug|x64.ActiveCfg = Debug|Any CPU
		{CB058014-7BD9-4B68-9E1D-2BB84B0AC620}.Debug|x64.Build.0 = Debug|Any CPU
		{CB058014-7BD9-4B68-9E1D-2BB84B0AC620}.Debug|x86.ActiveCfg = Debug|Any CPU
		{CB058014-7BD9-4B68-9E1D-2BB84B0AC620}.Debug|x86.Build.0 = Debug|Any CPU
		{CB058014-7BD9-4B68-9E1D-2BB84B0AC620}.Release|Any CPU.ActiveCfg = Release|Any CPU
		{CB058014-7BD9-4B68-9E1D-2BB84B0AC620}.Release|Any CPU.Build.0 = Release|Any CPU
		{CB058014-7BD9-4B68-9E1D-2BB84B0AC620}.Release|x64.ActiveCfg = Release|Any CPU
		{CB058014-7BD9-4B68-9E1D-2BB84B0AC620}.Release|x64.Build.0 = Release|Any CPU
		{CB058014-7BD9-4B68-9E1D-2BB84B0AC620}.Release|x86.ActiveCfg = Release|Any CPU
		{CB058014-7BD9-4B68-9E1D-2BB84B0AC620}.Release|x86.Build.0 = Release|Any CPU
	EndGlobalSection
	GlobalSection(SolutionProperties) = preSolution
		HideSolutionNode = FALSE
	EndGlobalSection
	GlobalSection(NestedProjects) = preSolution
		{C8E42992-5E42-0C2B-DBFE-AA848D06431C} = {827E0CD3-B72D-47B6-A68D-7590B98EB39B}
		{81E62CFB-0258-094E-67E7-AC527289E3A8} = {C8E42992-5E42-0C2B-DBFE-AA848D06431C}
		{8113DA63-BD77-4FA7-8D8E-81ACC119E08A} = {81E62CFB-0258-094E-67E7-AC527289E3A8}
		{99EEA732-3F5B-2F83-7DCA-1016B2193C26} = {C8E42992-5E42-0C2B-DBFE-AA848D06431C}
		{B8D85D6E-F593-40A0-A4DB-F96BEB6C74C4} = {99EEA732-3F5B-2F83-7DCA-1016B2193C26}
		{4695FFD0-0F29-CFDF-AB1D-8C675D9BAEFE} = {C8E42992-5E42-0C2B-DBFE-AA848D06431C}
		{87954C90-2FEE-41F9-B4BD-2A5890F31BC5} = {4695FFD0-0F29-CFDF-AB1D-8C675D9BAEFE}
		{395550EB-BC2E-5DA5-C7D4-BB130739CB00} = {C8E42992-5E42-0C2B-DBFE-AA848D06431C}
		{5C0A250E-6078-4FFA-89D7-05FC299E4532} = {395550EB-BC2E-5DA5-C7D4-BB130739CB00}
		{653321EE-8459-8F0C-2B73-83632013A9E2} = {C8E42992-5E42-0C2B-DBFE-AA848D06431C}
		{2E67E1CA-832C-4DD5-B71B-17E7B4CD5826} = {653321EE-8459-8F0C-2B73-83632013A9E2}
		{2956BD9F-508F-458E-D25A-DD1BD3887EAF} = {4695FFD0-0F29-CFDF-AB1D-8C675D9BAEFE}
		{D30F4C38-CC6A-4D7C-81BA-4EDB32F25860} = {2956BD9F-508F-458E-D25A-DD1BD3887EAF}
		{8B290487-4C16-E85E-E807-F579CBE9FC4D} = {827E0CD3-B72D-47B6-A68D-7590B98EB39B}
		{F3B3A9BC-0A65-5D35-B322-D4AEDA9BA760} = {8B290487-4C16-E85E-E807-F579CBE9FC4D}
		{2FCFE627-586C-4D59-8317-0B57AAC95AB8} = {F3B3A9BC-0A65-5D35-B322-D4AEDA9BA760}
		{444E5676-9E6A-C08C-A006-FD6315F645BB} = {8B290487-4C16-E85E-E807-F579CBE9FC4D}
		{3FBF09B4-3632-41E1-86F3-2B9F144CFBEC} = {444E5676-9E6A-C08C-A006-FD6315F645BB}
		{8730BB8B-3566-4B3F-8522-4C9AF40B24B8} = {827E0CD3-B72D-47B6-A68D-7590B98EB39B}
		{03788D1C-3672-E892-AC37-78CA283A615D} = {8B290487-4C16-E85E-E807-F579CBE9FC4D}
		{CB058014-7BD9-4B68-9E1D-2BB84B0AC620} = {03788D1C-3672-E892-AC37-78CA283A615D}
	EndGlobalSection
EndGlobal
